{"SurveyEntry":{"SurveyID":"SV_6uotxyaL1nZukqV","SurveyName":"TestBoundryRefinement","SurveyDescription":null,"SurveyOwnerID":"UR_dnAFgKKkrDH919r","SurveyBrandID":"oregonstate","DivisionID":null,"SurveyLanguage":"EN","SurveyActiveResponseSet":"RS_8w4Z8Fajv4CT0xL","SurveyStatus":"Inactive","SurveyStartDate":"0000-00-00 00:00:00","SurveyExpirationDate":"0000-00-00 00:00:00","SurveyCreationDate":"2017-09-07 11:14:55","CreatorID":"UR_dnAFgKKkrDH919r","LastModified":"2017-09-07 14:11:15","LastAccessed":"0000-00-00 00:00:00","LastActivated":"0000-00-00 00:00:00","Deleted":null},"SurveyElements":[{"SurveyID":"SV_6uotxyaL1nZukqV","Element":"BL","PrimaryAttribute":"Survey Blocks","SecondaryAttribute":null,"TertiaryAttribute":null,"Payload":{"1":{"Type":"Trash","Description":"Trash \/ Unused Questions","ID":"BL_5iG6qhb0H5rat6J","BlockElements":[]},"2":{"Type":"Standard","SubType":"","Description":"Default Block","ID":"BL_aYklnZspuEajiy9","BlockElements":[{"Type":"Question","QuestionID":"QID3"}],"Options":{"BlockLocking":"false","RandomizeQuestions":"false","Looping":"Static","LoopingOptions":{"Static":{"1":{"1":"","2":""},"2":{"1":"","2":""}},"Randomization":"None"}}},"3":{"Type":"Standard","SubType":"","Description":"Block 1","ID":"BL_8c9CtLhu0Z968jr","BlockElements":[{"Type":"Question","QuestionID":"QID4"}],"Options":{"BlockLocking":"false","RandomizeQuestions":"false","Looping":"Static","LoopingOptions":{"Static":{"1":{"1":"","2":"","3":""},"2":{"1":"","2":"","3":""}},"Randomization":"None"}}}}},{"SurveyID":"SV_6uotxyaL1nZukqV","Element":"FL","PrimaryAttribute":"Survey Flow","SecondaryAttribute":null,"TertiaryAttribute":null,"Payload":{"Type":"Root","FlowID":"FL_1","Flow":[{"Type":"BlockRandomizer","FlowID":"FL_3","SubSet":0,"EvenPresentation":true,"Flow":[]},{"ID":"BL_aYklnZspuEajiy9","Type":"Standard","FlowID":"FL_7"},{"ID":"BL_8c9CtLhu0Z968jr","Type":"Standard","FlowID":"FL_8"}],"Properties":{"Count":8}}},{"SurveyID":"SV_6uotxyaL1nZukqV","Element":"SO","PrimaryAttribute":"Survey Options","SecondaryAttribute":null,"TertiaryAttribute":null,"Payload":{"BackButton":"false","SaveAndContinue":"true","SurveyProtection":"PublicSurvey","BallotBoxStuffingPrevention":"false","NoIndex":"Yes","SecureResponseFiles":"true","SurveyExpiration":"None","SurveyTermination":"DefaultMessage","Header":"","Footer":"","ProgressBarDisplay":"None","PartialData":"+1 week","ValidationMessage":"","PreviousButton":"  <<  ","NextButton":"  >>  ","SkinLibrary":"oregonstate","SkinType":"MQ","Skin":"oregonstate","NewScoring":1}},{"SurveyID":"SV_6uotxyaL1nZukqV","Element":"SCO","PrimaryAttribute":"Scoring","SecondaryAttribute":null,"TertiaryAttribute":null,"Payload":{"ScoringCategories":[],"ScoringCategoryGroups":[],"ScoringSummaryCategory":null,"ScoringSummaryAfterQuestions":0,"ScoringSummaryAfterSurvey":0,"DefaultScoringCategory":null,"AutoScoringCategory":null}},{"SurveyID":"SV_6uotxyaL1nZukqV","Element":"STAT","PrimaryAttribute":"Survey Statistics","SecondaryAttribute":null,"TertiaryAttribute":null,"Payload":{"MobileCompatible":true,"ID":"Survey Statistics"}},{"SurveyID":"SV_6uotxyaL1nZukqV","Element":"QC","PrimaryAttribute":"Survey Question Count","SecondaryAttribute":"4","TertiaryAttribute":null,"Payload":null},{"SurveyID":"SV_6uotxyaL1nZukqV","Element":"SQ","PrimaryAttribute":"QID3","SecondaryAttribute":"Click to write the question text","TertiaryAttribute":null,"Payload":{"QuestionText":"Click to write the question text","DefaultChoices":false,"DataExportTag":"Q3","QuestionType":"MC","Selector":"MACOL","SubSelector":"TX","Configuration":{"QuestionDescriptionOption":"UseText","NumColumns":2},"QuestionDescription":"Click to write the question text","Choices":{"1":{"Display":"Click to write Choice 1"},"2":{"Display":"Click to write Choice 2"},"3":{"Display":"Click to write Choice 3"}},"ChoiceOrder":["1","2","3"],"Validation":{"Settings":{"ForceResponse":"OFF","ForceResponseType":"ON","Type":"None"}},"GradingData":[],"Language":[],"QuestionID":"QID3"}},{"SurveyID":"SV_6uotxyaL1nZukqV","Element":"SQ","PrimaryAttribute":"QID4","SecondaryAttribute":"Click to write the question text","TertiaryAttribute":null,"Payload":{"QuestionText":"Click to write the question text","DefaultChoices":false,"DataExportTag":"Q4","QuestionType":"MC","Selector":"MACOL","SubSelector":"TX","Configuration":{"QuestionDescriptionOption":"UseText","NumColumns":2},"QuestionDescription":"Click to write the question text","Choices":{"1":{"Display":"Click to write Choice 1"},"2":{"Display":"Click to write Choice 2"},"3":{"Display":"Click to write Choice 3"}},"ChoiceOrder":["1","2","3"],"Validation":{"Settings":{"ForceResponse":"OFF","ForceResponseType":"ON","Type":"None"}},"GradingData":[],"Language":[],"QuestionID":"QID4"}},{"SurveyID":"SV_6uotxyaL1nZukqV","Element":"RS","PrimaryAttribute":"RS_8w4Z8Fajv4CT0xL","SecondaryAttribute":"Default Response Set","TertiaryAttribute":null,"Payload":null}]}