{"SurveyEntry":{"SurveyID":"SV_6uotxyaL1nZukqV","SurveyName":"TestBoundryRefinement","SurveyDescription":null,"SurveyOwnerID":"UR_dnAFgKKkrDH919r","SurveyBrandID":"oregonstate","DivisionID":null,"SurveyLanguage":"EN","SurveyActiveResponseSet":"RS_8w4Z8Fajv4CT0xL","SurveyStatus":"Inactive","SurveyStartDate":"0000-00-00 00:00:00","SurveyExpirationDate":"0000-00-00 00:00:00","SurveyCreationDate":"2017-09-07 11:14:55","CreatorID":"UR_dnAFgKKkrDH919r","LastModified":"2017-09-07 11:38:48","LastAccessed":"0000-00-00 00:00:00","LastActivated":"0000-00-00 00:00:00","Deleted":null},"SurveyElements":[{"SurveyID":"SV_6uotxyaL1nZukqV","Element":"BL","PrimaryAttribute":"Survey Blocks","SecondaryAttribute":null,"TertiaryAttribute":null,"Payload":[{"Type":"Default","Description":"asdf","ID":"BL_bJGWw8VDpcqEZkF","BlockElements":[{"Type":"Question","QuestionID":"QID1"}],"Options":{"BlockLocking":"false","RandomizeQuestions":"false","Looping":"Static","LoopingOptions":{"Static":{"1":{"1":"test1","2":"test2","3":"test3"},"2":{"1":"","2":"","3":""}},"Randomization":"All"}}},{"Type":"Trash","Description":"Trash \/ Unused Questions","ID":"BL_5iG6qhb0H5rat6J"},{"Type":"Standard","Description":"BlockName2","ID":"BL_1RpmM9fdiVFjHJH","BlockElements":[{"Type":"Question","QuestionID":"QID2"}],"Options":{"BlockLocking":false,"RandomizeQuestions":"false","Looping":"Static","LoopingOptions":{"Static":{"1":{"1":"test1","2":"test2","3":"test3"},"2":{"1":"","2":"","3":""}},"Randomization":"All"}}}]},{"SurveyID":"SV_6uotxyaL1nZukqV","Element":"FL","PrimaryAttribute":"Survey Flow","SecondaryAttribute":null,"TertiaryAttribute":null,"Payload":{"Type":"Root","FlowID":"FL_1","Flow":[{"Type":"BlockRandomizer","FlowID":"FL_3","SubSet":1,"EvenPresentation":true,"Flow":[{"Type":"Block","ID":"BL_bJGWw8VDpcqEZkF","FlowID":"FL_2"}]},{"ID":"BL_1RpmM9fdiVFjHJH","Type":"Standard","FlowID":"FL_6"}],"Properties":{"Count":6}}},{"SurveyID":"SV_6uotxyaL1nZukqV","Element":"SO","PrimaryAttribute":"Survey Options","SecondaryAttribute":null,"TertiaryAttribute":null,"Payload":{"BackButton":"false","SaveAndContinue":"true","SurveyProtection":"PublicSurvey","BallotBoxStuffingPrevention":"false","NoIndex":"Yes","SecureResponseFiles":"true","SurveyExpiration":"None","SurveyTermination":"DefaultMessage","Header":"","Footer":"","ProgressBarDisplay":"None","PartialData":"+1 week","ValidationMessage":"","PreviousButton":"  <<  ","NextButton":"  >>  ","SkinLibrary":"oregonstate","SkinType":"MQ","Skin":"oregonstate","NewScoring":1}},{"SurveyID":"SV_6uotxyaL1nZukqV","Element":"SCO","PrimaryAttribute":"Scoring","SecondaryAttribute":null,"TertiaryAttribute":null,"Payload":{"ScoringCategories":[],"ScoringCategoryGroups":[],"ScoringSummaryCategory":null,"ScoringSummaryAfterQuestions":0,"ScoringSummaryAfterSurvey":0,"DefaultScoringCategory":null,"AutoScoringCategory":null}},{"SurveyID":"SV_6uotxyaL1nZukqV","Element":"STAT","PrimaryAttribute":"Survey Statistics","SecondaryAttribute":null,"TertiaryAttribute":null,"Payload":{"MobileCompatible":true,"ID":"Survey Statistics"}},{"SurveyID":"SV_6uotxyaL1nZukqV","Element":"QC","PrimaryAttribute":"Survey Question Count","SecondaryAttribute":"2","TertiaryAttribute":null,"Payload":null},{"SurveyID":"SV_6uotxyaL1nZukqV","Element":"RS","PrimaryAttribute":"RS_8w4Z8Fajv4CT0xL","SecondaryAttribute":"Default Response Set","TertiaryAttribute":null,"Payload":null},{"SurveyID":"SV_6uotxyaL1nZukqV","Element":"SQ","PrimaryAttribute":"QID1","SecondaryAttribute":"Please choose the grasps that you think will work.","TertiaryAttribute":null,"Payload":{"QuestionText":"Please choose the grasps that you think will work.","DefaultChoices":false,"DataExportTag":"Q1","QuestionType":"MC","Selector":"MACOL","SubSelector":"TX","Configuration":{"QuestionDescriptionOption":"UseText","NumColumns":2},"QuestionDescription":"Please choose the grasps that you think will work.","Choices":{"1":{"Display":"${lm:\/\/Field\/1}"},"2":{"Display":"${lm:\/\/Field\/2}"},"3":{"Display":"Click to write Choice 3"}},"ChoiceOrder":["1","2","3"],"Validation":{"Settings":{"ForceResponse":"OFF","ForceResponseType":"ON","Type":"None"}},"GradingData":[],"Language":[],"QuestionID":"QID1"}},{"SurveyID":"SV_6uotxyaL1nZukqV","Element":"SQ","PrimaryAttribute":"QID2","SecondaryAttribute":"Please choose the grasps that you think will work.","TertiaryAttribute":null,"Payload":{"QuestionText":"Please choose the grasps that you think will work.","DefaultChoices":false,"QuestionType":"MC","Selector":"MACOL","SubSelector":"TX","Configuration":{"QuestionDescriptionOption":"UseText","NumColumns":2},"QuestionDescription":"Please choose the grasps that you think will work.","Choices":{"1":{"Display":"${lm:\/\/Field\/1}"},"2":{"Display":"${lm:\/\/Field\/2}"},"3":{"Display":"Click to write Choice 3"}},"ChoiceOrder":["1","2","3"],"Validation":{"Settings":{"ForceResponse":"OFF","ForceResponseType":"ON","Type":"None"}},"GradingData":[],"Language":[],"QuestionText_Unsafe":"Please choose the grasps that you think will work.","DataExportTag":"Q2","QuestionID":"QID2"}}]}