{"SurveyEntry":{"SurveyID":"SV_9XfJeeZQwo31Szr","SurveyName":"Near Contact 2.0 - Verification","SurveyDescription":null,"SurveyOwnerID":"UR_dnAFgKKkrDH919r","SurveyBrandID":"oregonstate","DivisionID":null,"SurveyLanguage":"EN","SurveyActiveResponseSet":"RS_4OSRerZ2ZQcl0QB","SurveyStatus":"Inactive","SurveyStartDate":"0000-00-00 00:00:00","SurveyExpirationDate":"0000-00-00 00:00:00","SurveyCreationDate":"2017-08-25 14:06:33","CreatorID":"UR_dnAFgKKkrDH919r","LastModified":"2017-08-28 17:44:23","LastAccessed":"0000-00-00 00:00:00","LastActivated":"0000-00-00 00:00:00","Deleted":null},"SurveyElements":[{"SurveyID":"SV_9XfJeeZQwo31Szr","Element":"BL","PrimaryAttribute":"Survey Blocks","SecondaryAttribute":null,"TertiaryAttribute":null,"Payload":{"1":{"Type":"Trash","Description":"Trash \/ Unused Questions","ID":"BL_0AgSM3MoiM03kfX","BlockElements":[]},"2":{"Type":"Standard","SubType":"","Description":"Example Question","ID":"BL_6fywUWgK2v1mN3n","BlockElements":[{"Type":"Question","QuestionID":"QID114"},{"Type":"Question","QuestionID":"QID116"},{"Type":"Question","QuestionID":"QID117"},{"Type":"Question","QuestionID":"QID167"},{"Type":"Question","QuestionID":"QID153"}]},"3":{"Type":"Standard","SubType":"","Description":"Training Video","ID":"BL_6Rmo0u0trHOD337","BlockElements":[{"Type":"Question","QuestionID":"QID118"},{"Type":"Question","QuestionID":"QID119"},{"Type":"Question","QuestionID":"QID120"},{"Type":"Question","QuestionID":"QID121"}]},"23":{"Type":"Standard","SubType":"","Description":"Intro Block","ID":"BL_0ex0TT7UuiekLhX","BlockElements":[{"Type":"Question","QuestionID":"QID112"},{"Type":"Question","QuestionID":"QID113"}]},"24":{"Type":"Standard","SubType":"","Description":"Comments","ID":"BL_8HRi5pPsMVOPuQt","BlockElements":[{"Type":"Question","QuestionID":"QID122"}]},"25":{"Type":"Standard","SubType":"","Description":"Cube h","ID":"BL_71lh0ACPn9UZQ0d","BlockElements":[{"Type":"Question","QuestionID":"QID140"},{"Type":"Question","QuestionID":"QID158"},{"Type":"Page Break"},{"Type":"Question","QuestionID":"QID141"}],"Options":{"BlockLocking":"false","RandomizeQuestions":"false","Looping":"Static","LoopingOptions":{"Static":{"1":{"1":"<img src=http:\/\/people.oregonstate.edu\/~kotharia\/GeneratedImagesReduced\/Grasps\/cube_h17_w17_e17_h_3fingerpinch_side_up.png />","2":"<img src=http:\/\/people.oregonstate.edu\/~kotharia\/GeneratedImagesReduced\/Grasps\/cube_h17_w17_e17_h_equidistant_side_up.png />","3":"<img src=http:\/\/people.oregonstate.edu\/~kotharia\/GeneratedImagesReduced\/Grasps\/cube_h17_w17_e17_h_equidistant_side_down.png />","4":"<img src=http:\/\/people.oregonstate.edu\/~kotharia\/GeneratedImagesReduced\/Grasps\/cube_h17_w17_e17_h_hook_side_up.png />","5":"<img src=http:\/\/people.oregonstate.edu\/~kotharia\/GeneratedImagesReduced\/Grasps\/cube_h17_w17_e17_h_hook_side_90.png />","6":"<img src=http:\/\/people.oregonstate.edu\/~kotharia\/GeneratedImagesReduced\/Grasps\/cube_h17_w17_e17_h_2fingerpinch_side_up.png />","7":"<img src=http:\/\/people.oregonstate.edu\/~kotharia\/GeneratedImagesReduced\/Grasps\/cube_h17_w17_e17_h_3fingerpinch_top_up.png />","8":"<img src=http:\/\/people.oregonstate.edu\/~kotharia\/GeneratedImagesReduced\/Grasps\/cube_h17_w17_e17_h_3fingerpinch_top_angled.png />","9":"<img src=http:\/\/people.oregonstate.edu\/~kotharia\/GeneratedImagesReduced\/Grasps\/cube_h17_w17_e17_h_equidistant_top_up.png />","10":"<img src=http:\/\/people.oregonstate.edu\/~kotharia\/GeneratedImagesReduced\/Grasps\/cube_h17_w17_e17_h_equidistant_top_angled.png />","11":"<img src=http:\/\/people.oregonstate.edu\/~kotharia\/GeneratedImagesReduced\/Grasps\/cube_h17_w17_e17_h_2fingerpinch_top_up.png />","12":"<img src=http:\/\/people.oregonstate.edu\/~kotharia\/GeneratedImagesReduced\/Grasps\/cube_h17_w17_e17_h_2fingerpinch_top_angled.png />"}},"Randomization":"None"}}},"26":{"Type":"Standard","SubType":"","Description":"Cylinder h","ID":"BL_3KwHvRdr4S3u6ep","BlockElements":[{"Type":"Question","QuestionID":"QID142"},{"Type":"Question","QuestionID":"QID162"},{"Type":"Page Break"},{"Type":"Question","QuestionID":"QID143"}],"Options":{"BlockLocking":false,"RandomizeQuestions":"false","Looping":"Static","LoopingOptions":{"Static":{"1":{"1":"<img src=http:\/\/people.oregonstate.edu\/~kotharia\/GeneratedImagesReduced\/Grasps\/cylinder_h17_w17_e17_h_3fingerpinch_side_up.png />","2":"<img src=http:\/\/people.oregonstate.edu\/~kotharia\/GeneratedImagesReduced\/Grasps\/cylinder_h17_w17_e17_h_equidistant_side_up.png />","3":"<img src=http:\/\/people.oregonstate.edu\/~kotharia\/GeneratedImagesReduced\/Grasps\/cylinder_h17_w17_e17_h_equidistant_side_down.png />","4":"<img src=http:\/\/people.oregonstate.edu\/~kotharia\/GeneratedImagesReduced\/Grasps\/cylinder_h17_w17_e17_h_hook_side_up.png />","5":"<img src=http:\/\/people.oregonstate.edu\/~kotharia\/GeneratedImagesReduced\/Grasps\/cylinder_h17_w17_e17_h_hook_side_90.png />","6":"<img src=http:\/\/people.oregonstate.edu\/~kotharia\/GeneratedImagesReduced\/Grasps\/cylinder_h17_w17_e17_h_2fingerpinch_side_up.png />","7":"<img src=http:\/\/people.oregonstate.edu\/~kotharia\/GeneratedImagesReduced\/Grasps\/cylinder_h17_w17_e17_h_3fingerpinch_top_up.png />","8":"<img src=http:\/\/people.oregonstate.edu\/~kotharia\/GeneratedImagesReduced\/Grasps\/cylinder_h17_w17_e17_h_equidistant_top_up.png />","9":"<img src=http:\/\/people.oregonstate.edu\/~kotharia\/GeneratedImagesReduced\/Grasps\/cylinder_h17_w17_e17_h_2fingerpinch_top_up.png />"}},"Randomization":"None"}}},"27":{"Type":"Standard","SubType":"","Description":"Cylinder w\/e","ID":"BL_0BscPm7J0BVYLKB","BlockElements":[{"Type":"Question","QuestionID":"QID144"},{"Type":"Question","QuestionID":"QID163"},{"Type":"Page Break"},{"Type":"Question","QuestionID":"QID145"}],"Options":{"BlockLocking":false,"RandomizeQuestions":"false","Looping":"Static","LoopingOptions":{"Static":{"1":{"1":"<img src=http:\/\/people.oregonstate.edu\/~kotharia\/GeneratedImagesReduced\/Grasps\/cylinder_h17_w17_e17_e_equidistant_side_up.png />","2":"<img src=http:\/\/people.oregonstate.edu\/~kotharia\/GeneratedImagesReduced\/Grasps\/cylinder_h17_w17_e17_w_3fingerpinch_side_up.png />","3":"<img src=http:\/\/people.oregonstate.edu\/~kotharia\/GeneratedImagesReduced\/Grasps\/cylinder_h17_w17_e17_e_hook_side_up.png />","4":"<img src=http:\/\/people.oregonstate.edu\/~kotharia\/GeneratedImagesReduced\/Grasps\/cylinder_h17_w17_e17_e_hook_side_90.png />","5":"<img src=http:\/\/people.oregonstate.edu\/~kotharia\/GeneratedImagesReduced\/Grasps\/cylinder_h17_w17_e17_w_2fingerpinch_side_up.png />","6":"<img src=http:\/\/people.oregonstate.edu\/~kotharia\/GeneratedImagesReduced\/Grasps\/cylinder_h17_w17_e17_e_equidistant_top_up.png />","7":"<img src=http:\/\/people.oregonstate.edu\/~kotharia\/GeneratedImagesReduced\/Grasps\/cylinder_h17_w17_e17_e_equidistant_top_angled.png />","8":"<img src=http:\/\/people.oregonstate.edu\/~kotharia\/GeneratedImagesReduced\/Grasps\/cylinder_h17_w17_e17_w_3fingerpinch_top_up.png />","9":"<img src=http:\/\/people.oregonstate.edu\/~kotharia\/GeneratedImagesReduced\/Grasps\/cylinder_h17_w17_e17_e_3fingerpinch_top_up.png />","10":"<img src=http:\/\/people.oregonstate.edu\/~kotharia\/GeneratedImagesReduced\/Grasps\/cylinder_h17_w17_e17_w_2fingerpinch_top_up.png />"}},"Randomization":"None"}}},"28":{"Type":"Standard","SubType":"","Description":"Ellipse h","ID":"BL_ePNp4c9Mb96WnVX","BlockElements":[{"Type":"Question","QuestionID":"QID146"},{"Type":"Question","QuestionID":"QID164"},{"Type":"Page Break"},{"Type":"Question","QuestionID":"QID147"}],"Options":{"BlockLocking":false,"RandomizeQuestions":"false","Looping":"Static","LoopingOptions":{"Static":{"1":{"1":"<img src=http:\/\/people.oregonstate.edu\/~kotharia\/GeneratedImagesReduced\/Grasps\/ellipse_h17_w17_e17_h_equidistant_side_up.png />","2":"<img src=http:\/\/people.oregonstate.edu\/~kotharia\/GeneratedImagesReduced\/Grasps\/ellipse_h17_w17_e17_h_3fingerpinch_side_up.png />","3":"<img src=http:\/\/people.oregonstate.edu\/~kotharia\/GeneratedImagesReduced\/Grasps\/ellipse_h17_w17_e17_h_hook_side_up.png />","4":"<img src=http:\/\/people.oregonstate.edu\/~kotharia\/GeneratedImagesReduced\/Grasps\/ellipse_h17_w17_e17_h_hook_side_90.png />","5":"<img src=http:\/\/people.oregonstate.edu\/~kotharia\/GeneratedImagesReduced\/Grasps\/ellipse_h17_w17_e17_h_2fingerpinch_side_up.png />","6":"<img src=http:\/\/people.oregonstate.edu\/~kotharia\/GeneratedImagesReduced\/Grasps\/ellipse_h17_w17_e17_h_equidistant_top_up.png />","7":"<img src=http:\/\/people.oregonstate.edu\/~kotharia\/GeneratedImagesReduced\/Grasps\/ellipse_h17_w17_e17_h_3fingerpinch_top_up.png />","8":"<img src=http:\/\/people.oregonstate.edu\/~kotharia\/GeneratedImagesReduced\/Grasps\/ellipse_h17_w17_e17_h_2fingerpinch_top_up.png />"}},"Randomization":"None"}}},"29":{"Type":"Standard","SubType":"","Description":"Cone h","ID":"BL_9yM2GdWaTMTkdo1","BlockElements":[{"Type":"Question","QuestionID":"QID148"},{"Type":"Question","QuestionID":"QID165"},{"Type":"Page Break"},{"Type":"Question","QuestionID":"QID149"}],"Options":{"BlockLocking":false,"RandomizeQuestions":"false","Looping":"Static","LoopingOptions":{"Static":{"1":{"1":"<img src=http:\/\/people.oregonstate.edu\/~kotharia\/GeneratedImagesReduced\/Grasps\/cone_h17_w17_e17_a10_h_equidistant_side_90.png />","2":"<img src=http:\/\/people.oregonstate.edu\/~kotharia\/GeneratedImagesReduced\/Grasps\/cone_h17_w17_e17_a10_h_equidistant_side_up.png />","3":"<img src=http:\/\/people.oregonstate.edu\/~kotharia\/GeneratedImagesReduced\/Grasps\/cone_h17_w17_e17_a10_h_3fingerpinch_side_up.png />","4":"<img src=http:\/\/people.oregonstate.edu\/~kotharia\/GeneratedImagesReduced\/Grasps\/cone_h17_w17_e17_a10_h_hook_side_90.png />","5":"<img src=http:\/\/people.oregonstate.edu\/~kotharia\/GeneratedImagesReduced\/Grasps\/cone_h17_w17_e17_a10_h_2fingerpinch_side_up.png />","6":"<img src=http:\/\/people.oregonstate.edu\/~kotharia\/GeneratedImagesReduced\/Grasps\/cone_h17_w17_e17_a10_h_equidistant_top_up.png />","7":"<img src=http:\/\/people.oregonstate.edu\/~kotharia\/GeneratedImagesReduced\/Grasps\/cone_h17_w17_e17_a10_h_3fingerpinch_top_up.png />","8":"<img src=http:\/\/people.oregonstate.edu\/~kotharia\/GeneratedImagesReduced\/Grasps\/cone_h17_w17_e17_a10_h_2fingerpinch_top_up.png />"}},"Randomization":"None"}}},"30":{"Type":"Standard","SubType":"","Description":"Cone w\/e","ID":"BL_4GtWDHXydt1IOTH","BlockElements":[{"Type":"Question","QuestionID":"QID150"},{"Type":"Question","QuestionID":"QID166"},{"Type":"Page Break"},{"Type":"Question","QuestionID":"QID151"}],"Options":{"BlockLocking":false,"RandomizeQuestions":"false","Looping":"Static","LoopingOptions":{"Static":{"1":{"1":"<img src=http:\/\/people.oregonstate.edu\/~kotharia\/GeneratedImagesReduced\/Grasps\/cone_h17_w17_e17_a10_e_equidistant_side_up.png />","2":"<img src=http:\/\/people.oregonstate.edu\/~kotharia\/GeneratedImagesReduced\/Grasps\/cone_h17_w17_e17_a10_e_3fingerpinch_side_up.png />","3":"<img src=http:\/\/people.oregonstate.edu\/~kotharia\/GeneratedImagesReduced\/Grasps\/cone_h17_w17_e17_a10_e_2fingerpinch_side_up.png />","4":"<img src=http:\/\/people.oregonstate.edu\/~kotharia\/GeneratedImagesReduced\/Grasps\/cone_h17_w17_e17_a10_e_equidistant_top_90.png />","5":"<img src=http:\/\/people.oregonstate.edu\/~kotharia\/GeneratedImagesReduced\/Grasps\/cone_h17_w17_e17_a10_e_equidistant_top_up.png />","6":"<img src=http:\/\/people.oregonstate.edu\/~kotharia\/GeneratedImagesReduced\/Grasps\/cone_h17_w17_e17_a10_e_3fingerpinch_top_up.png />","7":"<img src=http:\/\/people.oregonstate.edu\/~kotharia\/GeneratedImagesReduced\/Grasps\/cone_h17_w17_e17_a10_e_2fingerpinch_top_up.png />"}},"Randomization":"None"}}},"31":{"Type":"Standard","SubType":"","Description":"Robot Ability","ID":"BL_2h0PrrGcPpeX77v","BlockElements":[{"Type":"Question","QuestionID":"QID156"},{"Type":"Question","QuestionID":"QID157"}]}}},{"SurveyID":"SV_9XfJeeZQwo31Szr","Element":"FL","PrimaryAttribute":"Survey Flow","SecondaryAttribute":null,"TertiaryAttribute":null,"Payload":{"Type":"Root","FlowID":"FL_1","Flow":[{"Type":"EmbeddedData","FlowID":"FL_60","EmbeddedData":[{"Description":"workerId","Type":"Recipient","Field":"workerId","VariableType":"Nominal"},{"Description":"assignmentId","Type":"Recipient","Field":"assignmentId","VariableType":"Nominal"}]},{"Type":"Standard","ID":"BL_0ex0TT7UuiekLhX","FlowID":"FL_57"},{"Type":"Standard","ID":"BL_6fywUWgK2v1mN3n","FlowID":"FL_5"},{"Type":"Standard","ID":"BL_6Rmo0u0trHOD337","FlowID":"FL_6"},{"Type":"Standard","ID":"BL_2h0PrrGcPpeX77v","FlowID":"FL_72"},{"Type":"BlockRandomizer","FlowID":"FL_73","SubSet":6,"EvenPresentation":true,"Flow":[{"Type":"Standard","ID":"BL_71lh0ACPn9UZQ0d","FlowID":"FL_63"},{"Type":"Standard","ID":"BL_3KwHvRdr4S3u6ep","FlowID":"FL_67"},{"Type":"Standard","ID":"BL_0BscPm7J0BVYLKB","FlowID":"FL_68"},{"Type":"Standard","ID":"BL_ePNp4c9Mb96WnVX","FlowID":"FL_69"},{"Type":"Standard","ID":"BL_9yM2GdWaTMTkdo1","FlowID":"FL_70"},{"Type":"Standard","ID":"BL_4GtWDHXydt1IOTH","FlowID":"FL_71"}]},{"Type":"Block","ID":"BL_8HRi5pPsMVOPuQt","FlowID":"FL_59"},{"Type":"EndSurvey","FlowID":"FL_8"}],"Properties":{"Count":73}}},{"SurveyID":"SV_9XfJeeZQwo31Szr","Element":"SO","PrimaryAttribute":"Survey Options","SecondaryAttribute":null,"TertiaryAttribute":null,"Payload":{"BackButton":"true","SaveAndContinue":"true","SurveyProtection":"PublicSurvey","BallotBoxStuffingPrevention":"true","NoIndex":"Yes","SecureResponseFiles":"true","SurveyExpiration":null,"SurveyTermination":"Redirect","Header":"","Footer":"","ProgressBarDisplay":"Text","PartialData":"+4 hour","ValidationMessage":null,"PreviousButton":"  <<  ","NextButton":"  >>  ","SkinLibrary":"oregonstate","SkinType":"MQ","Skin":"oregonstate","NewScoring":1,"ProtectSelectionIds":true,"EOSMessage":"","ShowExportTags":"false","CollectGeoLocation":"false","SurveyTitle":"Object grasp size Part I","SurveyMetaDescription":"Determining graspable size of object","PasswordProtection":"No","AnonymizeResponse":"No","Password":"","RefererCheck":"No","RefererURL":"http:\/\/","EOSMessageLibrary":"","EOSRedirectURL":"https:\/\/workersandbox.mturk.com\/mturk\/externalSubmit?assignmentId=${e:\/\/Field\/assignmentId}&foo=barhttps:\/\/www.mturk.com\/mturk\/externalSubmit?assignmentId=${e:\/\/Field\/assignmentId}&foo=bar","EmailThankYou":"false","ThankYouEmailMessageLibrary":null,"ThankYouEmailMessage":null,"ValidateMessage":"false","ValidationMessageLibrary":null,"InactiveSurvey":"DefaultMessage","PartialDataCloseAfter":"LastActivity","InactiveMessageLibrary":"","InactiveMessage":"","ActiveResponseSet":null,"AvailableLanguages":{"EN":[]},"libraryId":"","nextButtonMid":"","previousButtonMid":"","headerMid":"","footerMid":"","QuestionsPerPage":"","PageTransition":"None","ExternalCSS":null,"CustomStyles":{"errorStyles":{"selector":".Skin .ValidationError","styles":{"color":null,"backgroundColor":null,"borderColor":null}},"errorStylesBG":{"selector":".Skin .HeaderValidationError, .Skin .HeaderValidationError li a","styles":{"color":null,"backgroundColor":null}},"pageStyles":{"selector":"#SurveyEngineBody","styles":{"backgroundColor":null}},"textStyles":{"selector":".SkinInner","styles":{"fontFamily":null,"fontSize":null,"fontWeight":null,"fontStyle":null,"textDecoration":null,"color":null}},"questionStyles":{"selector":".Skin .QuestionText","styles":{"fontFamily":null,"fontSize":null,"fontWeight":null,"fontStyle":null,"textDecoration":null,"color":null}},"choiceStyles":{"selector":".Skin .horizontalbar th.ylabel, .Skin .Matrix table td, .Skin .Matrix table th, .Skin .Matrix table thead th, .Skin .Matrix table thead td, .Skin .PGR .DragAndDrop .Items label, .Skin .QuestionBody ul.ChoiceStructure, .Skin .PGR .DragAndDrop .Group ul, .Skin .PGR .DragAndDrop .Group h2, .Skin .PGR .DragAndDrop .Items ul, .Skin .PGR .DragAndDrop .Items h2, .Skin .DD .QuestionBody table.ChoiceStructure, .Skin .PGR .DragAndDrop .NoColumns td.groupsContainerTd div ul, .Skin .PGR .DragAndDrop .NoColumns td.groupsContainerTd div h2, .Skin .SBS thead th, .Skin .SBS td, .Skin .SBS .Answers td, .Skin .SBS .Answers th, .SBS table.ChoiceStructure, .Skin .horizontalbar thead table.LabelDescriptions tr td, .Skin .horizontalbar thead tr td.NotApplicable, .QuestionBody th, .Skin .QuestionBody .MC .MAVR label, .Skin .QuestionBody .MC .SAVR label, .Skin .SBS thead th, .Skin .SBS td, .Skin .RO .DND ul li, .Skin .reg, .SkinInner .ChoiceStructure, .Skin thead, .Skin .GAP .ChoiceStructure thead th, .Skin .GAP .ChoiceStructure .c4, .Skin .GAP .ChoiceStructure th, .Skin .GAP .ChoiceStructure .WhyText, .SkinInner .ChoiceStructure .LightBG, .Skin .QuestionOuter.Highlight .Inner .reg, .Skin .QuestionOuter.Highlight .Inner .alt, .Skin .QuestionOuter.Highlight .Inner .ReadableAlt       ","styles":{"fontFamily":null,"fontSize":null,"fontWeight":null,"fontStyle":null,"textDecoration":null,"color":null}},"headerStyles":{"selector":".Skin div#Header","styles":{"color":null}},"footerStyles":{"selector":".Skin #Footer","styles":{"color":null}},"questionSeparatorStyles":{"selector":".Skin .Separator","styles":{"backgroundColor":null,"display":null}},"highlightStyles":{"selector":".Skin .QuestionOuter.Highlight .Inner, .Skin .QuestionOuter.Highlight .Inner .reg, .Skin .QuestionOuter.Highlight .Inner .alt, .Skin .QuestionOuter.Highlight .Inner .ReadableAlt","styles":{"backgroundColor":null}},"highlightStylesAlt":{"selector":".Skin .QuestionOuter.Highlight .Inner .ReadableAlt, .Skin .QuestionOuter.Highlight .Inner .LightBG","styles":{"backgroundColor":null}},"textEntryStyles":{"selector":".Skin select, .Skin .InputText","styles":{"color":null}},"borderStyles":{"selector":".Skin .CS .horizontalbar table.sliderGrid tr.xlabel th, .Skin .CS .horizontalbar .ylabel, .Skin .CS .horizontalbar table.sliderGrid tr td.value, .Skin .Slider .horizontalbar table.sliderGrid tr.xlabel th, .Skin .BorderColor, .Skin .DarkBorderColor, .Skin .Slider .horizontalbar table.sliderGrid tr td.value, .Skin thead, .Skin .GAP .ChoiceStructure thead th  ","styles":{"borderColor":null}},"altRowStyles":{"selector":".Skin .ReadableAlt, .Skin .LightBG","styles":{"backgroundColor":null}},"customCSS":null},"HighlightQuestions":"off"}},{"SurveyID":"SV_9XfJeeZQwo31Szr","Element":"SQ","PrimaryAttribute":"QID119","SecondaryAttribute":null,"TertiaryAttribute":null,"Payload":{"QuestionText":"<video class=\"qmedia\" controls=\"true\" height=\"480\" preload=\"auto\" width=\"640\"><source src=\"https:\/\/oregonstate.qualtrics.com\/CP\/File.php?F=F_cBnLlUuGpHmQ7bL\" type=\"video\/mp4\" \/><embed align=\"middle\" autoplay=\"false\" bgcolor=\"white\" class=\"qmedia\" controller=\"true\" height=\"480\" pluginspage=\"http:\/\/www.apple.com\/quicktime\/download\/\" src=\"https:\/\/oregonstate.qualtrics.com\/CP\/File.php?F=F_cBnLlUuGpHmQ7bL\" type=\"video\/quicktime\" width=\"640\" \/><\/video>","DefaultChoices":false,"DataExportTag":"Barrett Hand Video","QuestionType":"DB","Selector":"TB","Configuration":{"QuestionDescriptionOption":"UseText"},"ChoiceOrder":[],"Validation":{"Settings":{"Type":"None"}},"GradingData":[],"Language":[],"QuestionID":"QID119"}},{"SurveyID":"SV_9XfJeeZQwo31Szr","Element":"SQ","PrimaryAttribute":"QID121","SecondaryAttribute":null,"TertiaryAttribute":null,"Payload":{"QuestionText":"<video class=\"qmedia\" controls=\"true\" height=\"480\" preload=\"auto\" width=\"640\"><source src=\"https:\/\/oregonstate.qualtrics.com\/CP\/File.php?F=F_9MM2fxgmIz4KFuZ\" type=\"video\/mp4\" \/><embed align=\"middle\" autoplay=\"false\" bgcolor=\"white\" class=\"qmedia\" controller=\"true\" height=\"480\" pluginspage=\"http:\/\/www.apple.com\/quicktime\/download\/\" src=\"https:\/\/oregonstate.qualtrics.com\/CP\/File.php?F=F_9MM2fxgmIz4KFuZ\" type=\"video\/quicktime\" width=\"640\" \/><\/video>","DefaultChoices":false,"DataExportTag":"Simulated Video","QuestionType":"DB","Selector":"TB","Configuration":{"QuestionDescriptionOption":"UseText"},"ChoiceOrder":[],"Validation":{"Settings":{"Type":"None"}},"GradingData":[],"Language":[],"QuestionID":"QID121"}},{"SurveyID":"SV_9XfJeeZQwo31Szr","Element":"SCO","PrimaryAttribute":"Scoring","SecondaryAttribute":null,"TertiaryAttribute":null,"Payload":{"ScoringCategories":[{"ID":"SC_dpB4Oyl90Bg5lzf","Name":"Score","Description":""}],"ScoringCategoryGroups":[],"DefaultScoringCategory":"SC_dpB4Oyl90Bg5lzf","ScoringSummaryCategory":null,"ScoringSummaryAfterQuestions":0,"ScoringSummaryAfterSurvey":0,"AutoScoringCategory":null}},{"SurveyID":"SV_9XfJeeZQwo31Szr","Element":"STAT","PrimaryAttribute":"Survey Statistics","SecondaryAttribute":null,"TertiaryAttribute":null,"Payload":{"MobileCompatible":true,"ID":"Survey Statistics"}},{"SurveyID":"SV_9XfJeeZQwo31Szr","Element":"QC","PrimaryAttribute":"Survey Question Count","SecondaryAttribute":"167","TertiaryAttribute":null,"Payload":null},{"SurveyID":"SV_9XfJeeZQwo31Szr","Element":"SQ","PrimaryAttribute":"QID120","SecondaryAttribute":"As shown in the video above, assume you can move the robot hand in, move it up and down (or side...","TertiaryAttribute":null,"Payload":{"QuestionText":"<p><span style=\"font-size:16px;\"><span style=\"font-family:arial,helvetica,sans-serif;\"><span style=\"background-color: transparent; color: rgb(0, 0, 0); white-space: pre-wrap;\">As shown in the video above, assume you can move the robot hand in, move it up and down (or side to side) a little if needed, and then close the fingers. The fingers may be closed together or separately.<\/span><\/span><\/span><\/p>\n\n<div>\n<p>&nbsp;<\/p>\n\n<p><span style=\"font-size:16px;\"><span style=\"font-family:arial,helvetica,sans-serif;\"><span style=\"color: rgb(0, 0, 0); background-color: transparent; vertical-align: baseline; white-space: pre-wrap;\">You may <b>not<\/b> rotate the hand or change the finger spread.<\/span><\/span><\/span><\/p>\n\n<p>&nbsp;<\/p>\n\n<p><span style=\"font-size:16px;\"><span style=\"font-family:arial,helvetica,sans-serif;\"><span style=\"color: rgb(0, 0, 0); background-color: transparent; vertical-align: baseline; white-space: pre-wrap;\">Also assume the object is resting on a table. It&rsquo;s fine if the robot hand touches the table when picking up the object, or bumps the object. <\/span><\/span><\/span><\/p>\n\n<p>&nbsp;<\/p>\n\n<p><span style=\"font-size:16px;\"><span style=\"font-family:arial,helvetica,sans-serif;\"><span style=\"color: rgb(0, 0, 0); background-color: transparent; vertical-align: baseline; white-space: pre-wrap;\">This is a video of what this looks like with a simulated hand:<\/span><\/span><\/span><\/p>\n<\/div>","DefaultChoices":false,"DataExportTag":"Video Summary","QuestionType":"DB","Selector":"TB","Configuration":{"QuestionDescriptionOption":"UseText"},"QuestionDescription":"As shown in the video above, assume you can move the robot hand in, move it up and down (or side...","ChoiceOrder":[],"Validation":{"Settings":{"Type":"None"}},"GradingData":[],"Language":[],"QuestionID":"QID120"}},{"SurveyID":"SV_9XfJeeZQwo31Szr","Element":"SQ","PrimaryAttribute":"QID157","SecondaryAttribute":"Click to write the question text","TertiaryAttribute":null,"Payload":{"QuestionText":"<video class=\"qmedia\" controls=\"true\" height=\"260\" preload=\"auto\" width=\"320\"><source src=\"https:\/\/oregonstate.qualtrics.com\/CP\/File.php?F=F_0jPwNqZA9PIWJkV\" type=\"video\/ogg\" \/><embed align=\"middle\" bgcolor=\"black\" class=\"qmedia\" controls=\"true\" height=\"260\" preload=\"metadata\" src=\"https:\/\/oregonstate.qualtrics.com\/CP\/File.php?F=F_0jPwNqZA9PIWJkV\" width=\"320\" \/><\/video>","DefaultChoices":false,"DataExportTag":"Ability 2","QuestionType":"DB","Selector":"TB","Configuration":{"QuestionDescriptionOption":"UseText"},"QuestionDescription":"Click to write the question text","ChoiceOrder":[],"Validation":{"Settings":{"Type":"None"}},"GradingData":[],"Language":[],"QuestionID":"QID157"}},{"SurveyID":"SV_9XfJeeZQwo31Szr","Element":"RS","PrimaryAttribute":"RS_4OSRerZ2ZQcl0QB","SecondaryAttribute":"Default Response Set","TertiaryAttribute":null,"Payload":null},{"SurveyID":"SV_9XfJeeZQwo31Szr","Element":"SQ","PrimaryAttribute":"QID156","SecondaryAttribute":"Due to the capabilities of the robot and what is made of, the robot's ability to pick up objects...","TertiaryAttribute":null,"Payload":{"QuestionText":"<span style=\"font-family:arial,helvetica,sans-serif;\"><span style=\"font-size:16px;\">Due to the capabilities of the robot and what is made of, the robot's ability to pick up objects similar to how you might pick up an object with tongs. &nbsp;The fingertips of the robot are lined with hard rubber (like a spatula handle). &nbsp;Additionally, the maximum strength of the robotic hand is similar to the strength you can apply with your fingertips. &nbsp;Essentially, the robot hand can grasp objects strongly, but not as strongly as you might be able to.<\/span><\/span><div><span style=\"font-family:arial,helvetica,sans-serif;\"><span style=\"font-size:16px;\"><br><\/span><\/span><\/div><div><span style=\"font-size: 16px;\">All of the objects shown weigh approximately as much as a coffee cup like the one in the video below. &nbsp;All of the objects also have a surface finish similar to a coffee cup.<\/span><\/div>","DefaultChoices":false,"DataExportTag":"Ability 1","QuestionType":"DB","Selector":"TB","Configuration":{"QuestionDescriptionOption":"UseText"},"QuestionDescription":"Due to the capabilities of the robot and what is made of, the robot's ability to pick up objects...","ChoiceOrder":[],"Validation":{"Settings":{"Type":"None"}},"GradingData":[],"Language":[],"QuestionID":"QID156"}},{"SurveyID":"SV_9XfJeeZQwo31Szr","Element":"SQ","PrimaryAttribute":"QID167","SecondaryAttribute":"Examplepreferencesliders","TertiaryAttribute":null,"Payload":{"QuestionText":"Examplepreferencesliders","DefaultChoices":false,"DataExportTag":"Q32","QuestionType":"DB","Selector":"GRB","SubSelector":"WOTXB","Configuration":{"QuestionDescriptionOption":"UseText"},"QuestionDescription":"Examplepreferencesliders","ChoiceOrder":[],"Validation":{"Settings":{"Type":"None"}},"GradingData":[],"Language":[],"QuestionID":"QID167","Graphics":"IM_cFUNvIfFxmLsOEd","GraphicsDescription":"Examplepreferencesliders"}},{"SurveyID":"SV_9XfJeeZQwo31Szr","Element":"SQ","PrimaryAttribute":"QID158","SecondaryAttribute":"How confident are you that the grasp will be able to pick up the object, move it a small distance...","TertiaryAttribute":null,"Payload":{"QuestionText":"<span style=\"font-size:16px;\"><span style=\"font-family:arial,helvetica,sans-serif;\">How confident are you that the grasp will be able to pick up the object, move it a small distance, and place the object down on the surface? (0 means you expect the grasp to fail, 100 means you expect the grasp to succeed everytime)<\/span><\/span>","DefaultChoices":false,"DataExportTag":"Confidence - Cube h","QuestionID":"QID158","QuestionType":"Slider","Selector":"HSLIDER","Configuration":{"QuestionDescriptionOption":"UseText","CSSliderMin":0,"CSSliderMax":100,"GridLines":5,"SnapToGrid":false,"NumDecimals":"0","ShowValue":true,"CustomStart":false,"NotApplicable":false,"MobileFirst":true},"QuestionDescription":"How confident are you that the grasp will be able to pick up the object, move it a small distance...","Choices":[],"DynamicChoices":{"DynamicType":"ChoiceGroup","Locator":"q:\/\/QID140\/ChoiceGroup\/SelectedChoices","Type":"Dynamic"},"DynamicChoicesData":[],"DisplayLogic":{"0":{"0":{"LogicType":"Question","QuestionID":"QID140","QuestionIsInLoop":"yes","LoopAndMergeLoops":"current","LoopTarget":"none","ChoiceLocator":"q:\/\/QID140\/SelectableChoice\/1","Operator":"NotSelected","QuestionIDFromLocator":"QID140","LeftOperand":"q:\/\/QID140\/SelectableChoice\/1","Type":"Expression","Description":"<span class=\"ConjDesc\">If<\/span> <span class=\"QuestionDesc\">Which grasps do you think will be able to pick the object up, move it a small distance, and place...<\/span> <span class=\"LeftOpDesc\">None<\/span> <span class=\"OpDesc\">Is Not Selected<\/span> "},"Type":"If"},"Type":"BooleanExpression","inPage":false},"ChoiceOrder":[],"Validation":{"Settings":{"ForceResponse":"ON","ForceResponseType":"ON","Type":"None"}},"GradingData":[],"Language":[],"Labels":[]}},{"SurveyID":"SV_9XfJeeZQwo31Szr","Element":"SQ","PrimaryAttribute":"QID162","SecondaryAttribute":"How confident are you that the grasp will be able to pick up the object, move it a small distance...","TertiaryAttribute":null,"Payload":{"QuestionText":"<span style=\"font-size:16px;\"><span style=\"font-family:arial,helvetica,sans-serif;\">How confident are you that the grasp will be able to pick up the object, move it a small distance, and place the object down on the surface? (0 means you expect the grasp to fail, 100 means you expect the grasp to succeed everytime)<\/span><\/span>","DefaultChoices":false,"DataExportTag":"Confidence - Cyl h","QuestionType":"Slider","Selector":"HSLIDER","Configuration":{"QuestionDescriptionOption":"UseText","CSSliderMin":0,"CSSliderMax":100,"GridLines":5,"SnapToGrid":false,"NumDecimals":"0","ShowValue":true,"CustomStart":false,"NotApplicable":false,"MobileFirst":true},"QuestionDescription":"How confident are you that the grasp will be able to pick up the object, move it a small distance...","Choices":[],"DynamicChoices":{"DynamicType":"ChoiceGroup","Locator":"q:\/\/QID142\/ChoiceGroup\/SelectedChoices","Type":"Dynamic","Description":"Selected Choices"},"DynamicChoicesData":[],"DisplayLogic":{"0":{"0":{"LogicType":"Question","QuestionID":"QID142","QuestionIsInLoop":"yes","LoopAndMergeLoops":"current","LoopTarget":"none","ChoiceLocator":"q:\/\/QID142\/SelectableChoice\/1","Operator":"NotSelected","QuestionIDFromLocator":"QID142","LeftOperand":"q:\/\/QID142\/SelectableChoice\/1","Type":"Expression","Description":"<span class=\"ConjDesc\">If<\/span> <span class=\"QuestionDesc\">Which grasps do you think will be able to pick the object up, move it a small distance, and place...<\/span> <span class=\"LeftOpDesc\">None<\/span> <span class=\"OpDesc\">Is Not Selected<\/span> "},"Type":"If"},"Type":"BooleanExpression","inPage":false},"ChoiceOrder":[],"Validation":{"Settings":{"ForceResponse":"ON","ForceResponseType":"ON","Type":"None"}},"GradingData":[],"Language":[],"Labels":[],"QuestionID":"QID162"}},{"SurveyID":"SV_9XfJeeZQwo31Szr","Element":"SQ","PrimaryAttribute":"QID163","SecondaryAttribute":"How confident are you that the grasp will be able to pick up the object, move it a small distance...","TertiaryAttribute":null,"Payload":{"QuestionText":"<span style=\"font-size:16px;\"><span style=\"font-family:arial,helvetica,sans-serif;\">How confident are you that the grasp will be able to pick up the object, move it a small distance, and place the object down on the surface? (0 means you expect the grasp to fail, 100 means you expect the grasp to succeed everytime)<\/span><\/span>","DefaultChoices":false,"DataExportTag":"Confidence - Cyl w\/e","QuestionType":"Slider","Selector":"HSLIDER","Configuration":{"QuestionDescriptionOption":"UseText","CSSliderMin":0,"CSSliderMax":100,"GridLines":5,"SnapToGrid":false,"NumDecimals":"0","ShowValue":true,"CustomStart":false,"NotApplicable":false,"MobileFirst":true},"QuestionDescription":"How confident are you that the grasp will be able to pick up the object, move it a small distance...","Choices":[],"DynamicChoices":{"DynamicType":"ChoiceGroup","Locator":"q:\/\/QID144\/ChoiceGroup\/SelectedChoices","Type":"Dynamic","Description":"Selected Choices"},"DynamicChoicesData":[],"DisplayLogic":{"0":{"0":{"LogicType":"Question","QuestionID":"QID144","QuestionIsInLoop":"yes","LoopAndMergeLoops":"current","LoopTarget":"none","ChoiceLocator":"q:\/\/QID144\/SelectableChoice\/1","Operator":"NotSelected","QuestionIDFromLocator":"QID144","LeftOperand":"q:\/\/QID144\/SelectableChoice\/1","Type":"Expression","Description":"<span class=\"ConjDesc\">If<\/span> <span class=\"QuestionDesc\">Which grasps do you think will be able to pick the object up, move it a small distance, and place...<\/span> <span class=\"LeftOpDesc\">None<\/span> <span class=\"OpDesc\">Is Not Selected<\/span> "},"Type":"If"},"Type":"BooleanExpression","inPage":false},"ChoiceOrder":[],"Validation":{"Settings":{"ForceResponse":"ON","ForceResponseType":"ON","Type":"None"}},"GradingData":[],"Language":[],"Labels":[],"QuestionID":"QID163"}},{"SurveyID":"SV_9XfJeeZQwo31Szr","Element":"SQ","PrimaryAttribute":"QID164","SecondaryAttribute":"How confident are you that the grasp will be able to pick up the object, move it a small distance...","TertiaryAttribute":null,"Payload":{"QuestionText":"<span style=\"font-size:16px;\"><span style=\"font-family:arial,helvetica,sans-serif;\">How confident are you that the grasp will be able to pick up the object, move it a small distance, and place the object down on the surface? (0 means you expect the grasp to fail, 100 means you expect the grasp to succeed everytime)<\/span><\/span>","DefaultChoices":false,"DataExportTag":"Confidence - Ell h","QuestionType":"Slider","Selector":"HSLIDER","Configuration":{"QuestionDescriptionOption":"UseText","CSSliderMin":0,"CSSliderMax":100,"GridLines":5,"SnapToGrid":false,"NumDecimals":"0","ShowValue":true,"CustomStart":false,"NotApplicable":false,"MobileFirst":true},"QuestionDescription":"How confident are you that the grasp will be able to pick up the object, move it a small distance...","Choices":[],"DynamicChoices":{"DynamicType":"ChoiceGroup","Locator":"q:\/\/QID146\/ChoiceGroup\/SelectedChoices","Type":"Dynamic","Description":"Selected Choices"},"DynamicChoicesData":[],"DisplayLogic":{"0":{"0":{"LogicType":"Question","QuestionID":"QID146","QuestionIsInLoop":"yes","LoopAndMergeLoops":"current","LoopTarget":"none","ChoiceLocator":"q:\/\/QID146\/SelectableChoice\/1","Operator":"NotSelected","QuestionIDFromLocator":"QID146","LeftOperand":"q:\/\/QID146\/SelectableChoice\/1","Type":"Expression","Description":"<span class=\"ConjDesc\">If<\/span> <span class=\"QuestionDesc\">Which grasps do you think will be able to pick the object up, move it a small distance, and place...<\/span> <span class=\"LeftOpDesc\">None<\/span> <span class=\"OpDesc\">Is Not Selected<\/span> "},"Type":"If"},"Type":"BooleanExpression","inPage":false},"ChoiceOrder":[],"Validation":{"Settings":{"ForceResponse":"ON","ForceResponseType":"ON","Type":"None"}},"GradingData":[],"Language":[],"Labels":[],"QuestionID":"QID164"}},{"SurveyID":"SV_9XfJeeZQwo31Szr","Element":"SQ","PrimaryAttribute":"QID165","SecondaryAttribute":"How confident are you that the grasp will be able to pick up the object, move it a small distance...","TertiaryAttribute":null,"Payload":{"QuestionText":"<span style=\"font-size:16px;\"><span style=\"font-family:arial,helvetica,sans-serif;\">How confident are you that the grasp will be able to pick up the object, move it a small distance, and place the object down on the surface? (0 means you expect the grasp to fail, 100 means you expect the grasp to succeed everytime)<\/span><\/span>","DefaultChoices":false,"DataExportTag":"Confidence - Cone h","QuestionType":"Slider","Selector":"HSLIDER","Configuration":{"QuestionDescriptionOption":"UseText","CSSliderMin":0,"CSSliderMax":100,"GridLines":5,"SnapToGrid":false,"NumDecimals":"0","ShowValue":true,"CustomStart":false,"NotApplicable":false,"MobileFirst":true},"QuestionDescription":"How confident are you that the grasp will be able to pick up the object, move it a small distance...","Choices":[],"DynamicChoices":{"DynamicType":"ChoiceGroup","Locator":"q:\/\/QID148\/ChoiceGroup\/SelectedChoices","Type":"Dynamic","Description":"Selected Choices"},"DynamicChoicesData":[],"DisplayLogic":{"0":{"0":{"LogicType":"Question","QuestionID":"QID148","QuestionIsInLoop":"yes","LoopAndMergeLoops":"current","LoopTarget":"none","ChoiceLocator":"q:\/\/QID148\/SelectableChoice\/1","Operator":"NotSelected","QuestionIDFromLocator":"QID148","LeftOperand":"q:\/\/QID148\/SelectableChoice\/1","Type":"Expression","Description":"<span class=\"ConjDesc\">If<\/span> <span class=\"QuestionDesc\">Which grasps do you think will be able to pick the object up, move it a small distance, and place...<\/span> <span class=\"LeftOpDesc\">None<\/span> <span class=\"OpDesc\">Is Not Selected<\/span> "},"Type":"If"},"Type":"BooleanExpression","inPage":false},"ChoiceOrder":[],"Validation":{"Settings":{"ForceResponse":"ON","ForceResponseType":"ON","Type":"None"}},"GradingData":[],"Language":[],"Labels":[],"QuestionID":"QID165"}},{"SurveyID":"SV_9XfJeeZQwo31Szr","Element":"SQ","PrimaryAttribute":"QID166","SecondaryAttribute":"How confident are you that the grasp will be able to pick up the object, move it a small distance...","TertiaryAttribute":null,"Payload":{"QuestionText":"<span style=\"font-size:16px;\"><span style=\"font-family:arial,helvetica,sans-serif;\">How confident are you that the grasp will be able to pick up the object, move it a small distance, and place the object down on the surface? (0 means you expect the grasp to fail, 100 means you expect the grasp to succeed everytime)<\/span><\/span>","DefaultChoices":false,"DataExportTag":"Confidence - Con w\/e","QuestionType":"Slider","Selector":"HSLIDER","Configuration":{"QuestionDescriptionOption":"UseText","CSSliderMin":0,"CSSliderMax":100,"GridLines":5,"SnapToGrid":false,"NumDecimals":"0","ShowValue":true,"CustomStart":false,"NotApplicable":false,"MobileFirst":true},"QuestionDescription":"How confident are you that the grasp will be able to pick up the object, move it a small distance...","Choices":[],"DynamicChoices":{"DynamicType":"ChoiceGroup","Locator":"q:\/\/QID150\/ChoiceGroup\/SelectedChoices","Type":"Dynamic","Description":"Selected Choices"},"DynamicChoicesData":[],"DisplayLogic":{"0":{"0":{"LogicType":"Question","QuestionID":"QID150","QuestionIsInLoop":"yes","LoopAndMergeLoops":"current","LoopTarget":"none","ChoiceLocator":"q:\/\/QID150\/SelectableChoice\/1","Operator":"NotSelected","QuestionIDFromLocator":"QID150","LeftOperand":"q:\/\/QID150\/SelectableChoice\/1","Type":"Expression","Description":"<span class=\"ConjDesc\">If<\/span> <span class=\"QuestionDesc\">Which grasps do you think will be able to pick the object up, move it a small distance, and place...<\/span> <span class=\"LeftOpDesc\">None<\/span> <span class=\"OpDesc\">Is Not Selected<\/span> "},"Type":"If"},"Type":"BooleanExpression","inPage":false},"ChoiceOrder":[],"Validation":{"Settings":{"ForceResponse":"ON","ForceResponseType":"ON","Type":"None"}},"GradingData":[],"Language":[],"Labels":[],"QuestionID":"QID166"}},{"SurveyID":"SV_9XfJeeZQwo31Szr","Element":"SQ","PrimaryAttribute":"QID113","SecondaryAttribute":"Instructions: We are conducting a research study on grasping. \u00a0This survey is anonymous. \u00a0The sur.","TertiaryAttribute":null,"Payload":{"QuestionText":"<em>\n<p><em><br><\/em><\/p><p><em>Instructions:<\/em><\/p><p><em><\/em><\/p><p>We are conducting a research study on grasping. &nbsp;This survey is anonymous. &nbsp;The survey asks questions about how the sizes of an object affect what a robot hand can grasp. This survey does contain images, which will require a reasonably fast internet connection and a decent-sized (laptop) monitor. There are no known risks, and possibly some benefit to the general public on adding to the understanding of grasping.<\/p>\n\n<p><em>&nbsp;<\/em><\/p>\n\n<p><em>Study title: Grasping Dependence on Object Size<\/em><\/p><p><em>Oregon State University<\/em><\/p>\n\n<p><em>Contact:&nbsp;<\/em>cindy.grimm@oregonstate.edu<\/p><\/em><em>\n\n<p><em>&nbsp;<\/em><\/p>\n\n<p><em>If you have questions about your rights or welfare as a participant, please contact the Oregon State University Institutional Review Board (IRB) Office, at (541) 737-8008 or by mail&nbsp;IRB@oregonstate.edu.<\/em><\/p><\/em>","DefaultChoices":false,"DataExportTag":"Intro Instructions","QuestionType":"DB","Selector":"TB","Configuration":{"QuestionDescriptionOption":"UseText"},"QuestionDescription":"Instructions: We are conducting a research study on grasping. \u00a0This survey is anonymous. \u00a0The sur...","ChoiceOrder":[],"Validation":{"Settings":{"Type":"None"}},"GradingData":[],"Language":[],"QuestionID":"QID113"}},{"SurveyID":"SV_9XfJeeZQwo31Szr","Element":"SQ","PrimaryAttribute":"QID116","SecondaryAttribute":"It is your job to select which grasps the robot can use to pick up the object, move it a short di...","TertiaryAttribute":null,"Payload":{"QuestionText":"<div>\n<p><span style=\"font-size:16px;\"><span style=\"font-family:arial,helvetica,sans-serif;\">It is your job to select which grasps the robot can use to pick up the object, move it a short distance, and place the object down. Select the checkbox by all images that show grasps that will be able to pick up, move, and place the object. If none of the grasps will be able to pick up the object, select the None option.<\/span><\/span><\/p>\n\n<p>&nbsp;<\/p>\n\n<p><span style=\"font-size:16px;\"><span style=\"font-family:arial,helvetica,sans-serif;\">After selecting grasps that will work, the next question will allow you to provide how confident you are that a specific grasp will be able to pick up an object. &nbsp;0 means you expect the grasp to fail every time. &nbsp;100 means you expect the grasp to succeed every time.<\/span><\/span><\/p><p><span style=\"font-size:16px;\"><span style=\"font-family:arial,helvetica,sans-serif;\"><br><\/span><\/span><\/p><p><span style=\"font-size:16px;\"><span style=\"font-family:arial,helvetica,sans-serif;\">The next related question will ask you to rank the grasps relative to one another. The rank of an image can be changed by clicking and dragging an image to its new position. &nbsp;1 is the most preferred grasp. &nbsp;You should rank the grasp based on your preference. &nbsp;Remember the object has a weight similar to a coffee cup and a surface texture similar to a coffee cop. &nbsp;Additionally, the robot can grab things about as strong as you can with your fingertips.<\/span><\/span><\/p>\n<\/div>\n\n<div>\n<div>&nbsp;<\/div>\n\n<div><span style=\"font-size:16px;\"><span style=\"font-family:arial,helvetica,sans-serif;\">For the example below, notice how we have selected grasps in the first part, provided preferences in the second part, and then ranked them in the last section<\/span><\/span><\/div>\n<\/div>","DefaultChoices":false,"DataExportTag":"Example Explanation2","QuestionType":"DB","Selector":"TB","Configuration":{"QuestionDescriptionOption":"UseText"},"QuestionDescription":"It is your job to select which grasps the robot can use to pick up the object, move it a short di...","ChoiceOrder":[],"Validation":{"Settings":{"Type":"None"}},"GradingData":[],"Language":[],"QuestionID":"QID116"}},{"SurveyID":"SV_9XfJeeZQwo31Szr","Element":"SQ","PrimaryAttribute":"QID153","SecondaryAttribute":"Ordered1","TertiaryAttribute":null,"Payload":{"QuestionText":"Ordered1","DefaultChoices":false,"DataExportTag":"Example Finished2","QuestionType":"DB","Selector":"GRB","SubSelector":"WOTXB","Configuration":{"QuestionDescriptionOption":"UseText"},"QuestionDescription":"Ordered1","ChoiceOrder":[],"Validation":{"Settings":{"Type":"None"}},"GradingData":[],"Language":[],"Graphics":"IM_9RfWa7zharT0x01","GraphicsDescription":"Ordered1","QuestionID":"QID153"}},{"SurveyID":"SV_9XfJeeZQwo31Szr","Element":"SQ","PrimaryAttribute":"QID112","SecondaryAttribute":"OSU Logo","TertiaryAttribute":null,"Payload":{"QuestionText":"OSU Logo","DefaultChoices":false,"DataExportTag":"Oregon Picture","QuestionType":"DB","Selector":"GRB","SubSelector":"WOTXB","Configuration":{"QuestionDescriptionOption":"UseText"},"QuestionDescription":"OSU Logo","ChoiceOrder":[],"Validation":{"Settings":{"Type":"None"}},"GradingData":[],"Language":[],"Graphics":"IM_8pkPPzyn1AbsC7X","GraphicsDescription":"OSU Logo","QuestionID":"QID112"}},{"SurveyID":"SV_9XfJeeZQwo31Szr","Element":"SQ","PrimaryAttribute":"QID141","SecondaryAttribute":"Rearrange the grasps in the order that you would use them - put the one you think would work the...","TertiaryAttribute":null,"Payload":{"QuestionText":"<span style=\"font-size:16px;\"><span style=\"font-family:arial,helvetica,sans-serif;\"><span style=\"color: rgb(34, 34, 34);\">Rearrange the grasps in the order that you would use them - put the one you think would work the best at the top. To change the order, simply grab the image and drag it.<\/span><\/span><\/span>","DefaultChoices":false,"DataExportTag":"Rank - Cube h","QuestionID":"QID141","QuestionType":"RO","Selector":"DND","SubSelector":"TX","Configuration":{"QuestionDescriptionOption":"UseText"},"QuestionDescription":"Rearrange the grasps in the order that you would use them - put the one you think would work the...","Choices":[],"DynamicChoices":{"DynamicType":"ChoiceGroup","Locator":"q:\/\/QID140\/ChoiceGroup\/SelectedChoices","Type":"Dynamic"},"DynamicChoicesData":[],"ChoiceOrder":[],"Validation":{"Settings":{"ForceResponse":"OFF","Type":"None"}},"GradingData":[],"Language":[],"DisplayLogic":{"0":{"0":{"LogicType":"Question","QuestionID":"QID140","QuestionIsInLoop":"yes","LoopAndMergeLoops":"current","LoopTarget":"none","ChoiceLocator":"q:\/\/QID140\/SelectableChoice\/1","Operator":"NotSelected","QuestionIDFromLocator":"QID140","LeftOperand":"q:\/\/QID140\/SelectableChoice\/1","Type":"Expression","Description":"<span class=\"ConjDesc\">If<\/span> <span class=\"QuestionDesc\">Which grasps do you think will be able to pick the object up, move it a small distance, and place...<\/span> <span class=\"LeftOpDesc\">None<\/span> <span class=\"OpDesc\">Is Not Selected<\/span> "},"Type":"If"},"Type":"BooleanExpression","inPage":false}}},{"SurveyID":"SV_9XfJeeZQwo31Szr","Element":"SQ","PrimaryAttribute":"QID143","SecondaryAttribute":"Rearrange the grasps in the order that you would use them - put the one you think would work the...","TertiaryAttribute":null,"Payload":{"QuestionText":"<span style=\"color: rgb(34, 34, 34); font-size: 16px;\">Rearrange the grasps in the order that you would use them - put the one you think would work the best at the top. To change the order, simply grab the image and drag it.<\/span>","DefaultChoices":false,"QuestionType":"RO","Selector":"DND","SubSelector":"TX","Configuration":{"QuestionDescriptionOption":"UseText"},"QuestionDescription":"Rearrange the grasps in the order that you would use them - put the one you think would work the...","Choices":[],"DynamicChoices":{"DynamicType":"ChoiceGroup","Locator":"q:\/\/QID142\/ChoiceGroup\/SelectedChoices","Type":"Dynamic"},"DynamicChoicesData":[],"ChoiceOrder":[],"Validation":{"Settings":{"ForceResponse":"OFF","Type":"None"}},"GradingData":[],"Language":[],"DisplayLogic":{"0":{"0":{"LogicType":"Question","QuestionID":"QID142","QuestionIsInLoop":"yes","LoopAndMergeLoops":"current","LoopTarget":"none","ChoiceLocator":"q:\/\/QID142\/SelectableChoice\/1","Operator":"NotSelected","QuestionIDFromLocator":"QID142","LeftOperand":"q:\/\/QID142\/SelectableChoice\/1","Type":"Expression","Description":"<span class=\"ConjDesc\">If<\/span> <span class=\"QuestionDesc\">Which grasps do you think will be able to pick the object up, move it a small distance, and place...<\/span> <span class=\"LeftOpDesc\">None<\/span> <span class=\"OpDesc\">Is Not Selected<\/span> "},"Type":"If"},"Type":"BooleanExpression","inPage":false},"QuestionText_Unsafe":"Rank the grasps that can successfully grasp the object?","DataExportTag":"Rank - Cylinder h","QuestionID":"QID143"}},{"SurveyID":"SV_9XfJeeZQwo31Szr","Element":"SQ","PrimaryAttribute":"QID145","SecondaryAttribute":"Rearrange the grasps in the order that you would use them - put the one you think would work the...","TertiaryAttribute":null,"Payload":{"QuestionText":"<span style=\"color: rgb(34, 34, 34); font-size: 16px;\">Rearrange the grasps in the order that you would use them - put the one you think would work the best at the top. To change the order, simply grab the image and drag it.<\/span>","DefaultChoices":false,"QuestionType":"RO","Selector":"DND","SubSelector":"TX","Configuration":{"QuestionDescriptionOption":"UseText"},"QuestionDescription":"Rearrange the grasps in the order that you would use them - put the one you think would work the...","Choices":[],"DynamicChoices":{"DynamicType":"ChoiceGroup","Locator":"q:\/\/QID144\/ChoiceGroup\/SelectedChoices","Type":"Dynamic"},"DynamicChoicesData":[],"ChoiceOrder":[],"Validation":{"Settings":{"ForceResponse":"OFF","Type":"None"}},"GradingData":[],"Language":[],"DisplayLogic":{"0":{"0":{"LogicType":"Question","QuestionID":"QID144","QuestionIsInLoop":"yes","LoopAndMergeLoops":"current","LoopTarget":"none","ChoiceLocator":"q:\/\/QID144\/SelectableChoice\/1","Operator":"NotSelected","QuestionIDFromLocator":"QID144","LeftOperand":"q:\/\/QID144\/SelectableChoice\/1","Type":"Expression","Description":"<span class=\"ConjDesc\">If<\/span> <span class=\"QuestionDesc\">Which grasps do you think will be able to pick the object up, move it a small distance, and place...<\/span> <span class=\"LeftOpDesc\">None<\/span> <span class=\"OpDesc\">Is Not Selected<\/span> "},"Type":"If"},"Type":"BooleanExpression","inPage":false},"QuestionText_Unsafe":"Rank the grasps that can successfully grasp the object?","DataExportTag":"Rank - Cyl w\/e","QuestionID":"QID145"}},{"SurveyID":"SV_9XfJeeZQwo31Szr","Element":"SQ","PrimaryAttribute":"QID147","SecondaryAttribute":"Rearrange the grasps in the order that you would use them - put the one you think would work the...","TertiaryAttribute":null,"Payload":{"QuestionText":"<span style=\"color: rgb(34, 34, 34); font-size: 16px;\">Rearrange the grasps in the order that you would use them - put the one you think would work the best at the top. To change the order, simply grab the image and drag it.<\/span>","DefaultChoices":false,"QuestionType":"RO","Selector":"DND","SubSelector":"TX","Configuration":{"QuestionDescriptionOption":"UseText"},"QuestionDescription":"Rearrange the grasps in the order that you would use them - put the one you think would work the...","Choices":[],"DynamicChoices":{"DynamicType":"ChoiceGroup","Locator":"q:\/\/QID146\/ChoiceGroup\/SelectedChoices","Type":"Dynamic"},"DynamicChoicesData":[],"ChoiceOrder":[],"Validation":{"Settings":{"ForceResponse":"OFF","Type":"None"}},"GradingData":[],"Language":[],"DisplayLogic":{"0":{"0":{"LogicType":"Question","QuestionID":"QID146","QuestionIsInLoop":"yes","LoopAndMergeLoops":"current","LoopTarget":"none","ChoiceLocator":"q:\/\/QID146\/SelectableChoice\/1","Operator":"NotSelected","QuestionIDFromLocator":"QID146","LeftOperand":"q:\/\/QID146\/SelectableChoice\/1","Type":"Expression","Description":"<span class=\"ConjDesc\">If<\/span> <span class=\"QuestionDesc\">Which grasps do you think will be able to pick the object up, move it a small distance, and place...<\/span> <span class=\"LeftOpDesc\">None<\/span> <span class=\"OpDesc\">Is Not Selected<\/span> "},"Type":"If"},"Type":"BooleanExpression","inPage":false},"QuestionText_Unsafe":"Rank the grasps that can successfully grasp the object?","DataExportTag":"Rank - Ellipse h","QuestionID":"QID147"}},{"SurveyID":"SV_9XfJeeZQwo31Szr","Element":"SQ","PrimaryAttribute":"QID149","SecondaryAttribute":"Rearrange the grasps in the order that you would use them - put the one you think would work the...","TertiaryAttribute":null,"Payload":{"QuestionText":"<span style=\"color: rgb(34, 34, 34); font-size: 16px;\">Rearrange the grasps in the order that you would use them - put the one you think would work the best at the top. To change the order, simply grab the image and drag it.<\/span>","DefaultChoices":false,"QuestionType":"RO","Selector":"DND","SubSelector":"TX","Configuration":{"QuestionDescriptionOption":"UseText"},"QuestionDescription":"Rearrange the grasps in the order that you would use them - put the one you think would work the...","Choices":[],"DynamicChoices":{"DynamicType":"ChoiceGroup","Locator":"q:\/\/QID148\/ChoiceGroup\/SelectedChoices","Type":"Dynamic"},"DynamicChoicesData":[],"ChoiceOrder":[],"Validation":{"Settings":{"ForceResponse":"OFF","Type":"None"}},"GradingData":[],"Language":[],"DisplayLogic":{"0":{"0":{"LogicType":"Question","QuestionID":"QID148","QuestionIsInLoop":"yes","LoopAndMergeLoops":"current","LoopTarget":"none","ChoiceLocator":"q:\/\/QID148\/SelectableChoice\/1","Operator":"NotSelected","QuestionIDFromLocator":"QID148","LeftOperand":"q:\/\/QID148\/SelectableChoice\/1","Type":"Expression","Description":"<span class=\"ConjDesc\">If<\/span> <span class=\"QuestionDesc\">Which grasps do you think will be able to pick the object up, move it a small distance, and place...<\/span> <span class=\"LeftOpDesc\">None<\/span> <span class=\"OpDesc\">Is Not Selected<\/span> "},"Type":"If"},"Type":"BooleanExpression","inPage":false},"QuestionText_Unsafe":"Rank the grasps that can successfully grasp the object?","DataExportTag":"Rank - Cone h","QuestionID":"QID149"}},{"SurveyID":"SV_9XfJeeZQwo31Szr","Element":"SQ","PrimaryAttribute":"QID151","SecondaryAttribute":"Rearrange the grasps in the order that you would use them - put the one you think would work the...","TertiaryAttribute":null,"Payload":{"QuestionText":"<span style=\"color: rgb(34, 34, 34); font-size: 16px;\">Rearrange the grasps in the order that you would use them - put the one you think would work the best at the top. To change the order, simply grab the image and drag it.<\/span>","DefaultChoices":false,"QuestionType":"RO","Selector":"DND","SubSelector":"TX","Configuration":{"QuestionDescriptionOption":"UseText"},"QuestionDescription":"Rearrange the grasps in the order that you would use them - put the one you think would work the...","Choices":[],"DynamicChoices":{"DynamicType":"ChoiceGroup","Locator":"q:\/\/QID150\/ChoiceGroup\/SelectedChoices","Type":"Dynamic"},"DynamicChoicesData":[],"ChoiceOrder":[],"Validation":{"Settings":{"ForceResponse":"OFF","Type":"None"}},"GradingData":[],"Language":[],"DisplayLogic":{"0":{"0":{"LogicType":"Question","QuestionID":"QID150","QuestionIsInLoop":"yes","LoopAndMergeLoops":"current","LoopTarget":"none","ChoiceLocator":"q:\/\/QID150\/SelectableChoice\/1","Operator":"NotSelected","QuestionIDFromLocator":"QID150","LeftOperand":"q:\/\/QID150\/SelectableChoice\/1","Type":"Expression","Description":"<span class=\"ConjDesc\">If<\/span> <span class=\"QuestionDesc\">Which grasps do you think will be able to pick the object up, move it a small distance, and place...<\/span> <span class=\"LeftOpDesc\">None<\/span> <span class=\"OpDesc\">Is Not Selected<\/span> "},"Type":"If"},"Type":"BooleanExpression","inPage":false},"QuestionText_Unsafe":"Rank the grasps that can successfully grasp the object?","DataExportTag":"Rank - Cone w\/e","QuestionID":"QID151"}},{"SurveyID":"SV_9XfJeeZQwo31Szr","Element":"SQ","PrimaryAttribute":"QID117","SecondaryAttribute":"Selected1","TertiaryAttribute":null,"Payload":{"QuestionText":"Selected1","DefaultChoices":false,"DataExportTag":"Example Finished1","QuestionType":"DB","Selector":"GRB","SubSelector":"WOTXB","Configuration":{"QuestionDescriptionOption":"UseText"},"QuestionDescription":"Selected1","ChoiceOrder":[],"Validation":{"Settings":{"Type":"None"}},"GradingData":[],"Language":[],"Graphics":"IM_7TFlFd8Kz8kxxS5","GraphicsDescription":"Selected1","QuestionID":"QID117"}},{"SurveyID":"SV_9XfJeeZQwo31Szr","Element":"SQ","PrimaryAttribute":"QID122","SecondaryAttribute":"Thank you for your input! When you finish the survey your MTurk response will be automatically re...","TertiaryAttribute":null,"Payload":{"QuestionText":"<div>Thank you for your input! When you finish the survey your MTurk response will be automatically recorded; no need to enter a code.<\/div><div><br><\/div><div>If you have any comments or concerns about the survey, please enter them here:<\/div>","DefaultChoices":false,"DataExportTag":"Comment Question","QuestionType":"TE","Selector":"SL","Configuration":{"QuestionDescriptionOption":"UseText"},"QuestionDescription":"Thank you for your input! When you finish the survey your MTurk response will be automatically re...","Validation":{"Settings":{"ForceResponse":"OFF","ForceResponseType":"ON","Type":"None"}},"GradingData":[],"Language":[],"QuestionID":"QID122"}},{"SurveyID":"SV_9XfJeeZQwo31Szr","Element":"SQ","PrimaryAttribute":"QID114","SecondaryAttribute":"We are developing simple rules that show a robot how to pick up an object. We are asking you (the...","TertiaryAttribute":null,"Payload":{"QuestionText":"<p><span style=\"font-size:16px;\"><span style=\"font-family:arial,helvetica,sans-serif;\">We are developing simple rules that show a robot how to pick up an object. We are asking you (the human) to help by providing guidelines about which grasps can be used to pick the object up.<\/span><\/span><\/p>","DefaultChoices":false,"DataExportTag":"Example Explanation1","QuestionType":"DB","Selector":"TB","Configuration":{"QuestionDescriptionOption":"UseText"},"QuestionDescription":"We are developing simple rules that show a robot how to pick up an object. We are asking you (the...","ChoiceOrder":[],"Validation":{"Settings":{"Type":"None"}},"GradingData":[],"Language":[],"QuestionID":"QID114"}},{"SurveyID":"SV_9XfJeeZQwo31Szr","Element":"SQ","PrimaryAttribute":"QID118","SecondaryAttribute":"We have a set of rules you must follow when imagining if an object can be picked up. \u00a0Please watc..","TertiaryAttribute":null,"Payload":{"QuestionText":"<p>We have a set of rules you must follow when imagining if an object can be picked up. &nbsp;Please watch the videos to understand these rules.<\/p><p>&nbsp;<\/p><p>This is a demonstration of the rules using the real robot hand:<\/p>","DefaultChoices":false,"DataExportTag":"Pre Video Instructio","QuestionType":"DB","Selector":"TB","Configuration":{"QuestionDescriptionOption":"UseText"},"QuestionDescription":"We have a set of rules you must follow when imagining if an object can be picked up. \u00a0Please watc...","ChoiceOrder":[],"Validation":{"Settings":{"Type":"None"}},"GradingData":[],"Language":[],"QuestionID":"QID118"}},{"SurveyID":"SV_9XfJeeZQwo31Szr","Element":"SQ","PrimaryAttribute":"QID140","SecondaryAttribute":"Which grasps do you think will be able to pick the object up, move it a small distance, and place...","TertiaryAttribute":null,"Payload":{"QuestionText":"<span style=\"font-size:16px;\"><span style=\"font-family:arial,helvetica,sans-serif;\">Which grasps do you think will be able to pick the object up, move it a small distance, and place it down on the surface?<\/span><\/span>","DataExportTag":"Viable - Cube h","QuestionType":"MC","Selector":"MAVR","SubSelector":"TX","Configuration":{"QuestionDescriptionOption":"UseText"},"QuestionDescription":"Which grasps do you think will be able to pick the object up, move it a small distance, and place...","Choices":{"1":{"Display":"None"},"2":{"Display":"${lm:\/\/Field\/1}"},"3":{"Display":"${lm:\/\/Field\/2}"},"4":{"Display":"${lm:\/\/Field\/3}"},"5":{"Display":"${lm:\/\/Field\/4}"},"6":{"Display":"${lm:\/\/Field\/6}"},"7":{"Display":"${lm:\/\/Field\/7}"},"8":{"Display":"${lm:\/\/Field\/8}"},"9":{"Display":"${lm:\/\/Field\/9}"},"11":{"Display":"${lm:\/\/Field\/10}"},"12":{"Display":"${lm:\/\/Field\/5}"},"13":{"Display":"${lm:\/\/Field\/12}"},"15":{"Display":"${lm:\/\/Field\/11}"}},"ChoiceOrder":["1","2","3","4","5","12","6","7","8","9","11","15","13"],"Validation":{"Settings":{"ForceResponse":"ON","ForceResponseType":"ON","Type":"CustomValidation","CustomValidation":{"Logic":{"0":{"0":{"QuestionID":"QID140","QuestionIsInLoop":"yes","LoopAndMergeLoops":"current","LoopTarget":"none","ChoiceLocator":"q:\/\/QID140\/SelectableChoice\/1","Operator":"Selected","QuestionIDFromLocator":"QID140","LeftOperand":"q:\/\/QID140\/SelectableChoice\/1","Type":"Expression","LogicType":"Question","Description":"<span class=\"ConjDesc\">If<\/span> <span class=\"QuestionDesc\">Which grasps do you think would work?<\/span> <span class=\"LeftOpDesc\">None<\/span> <span class=\"OpDesc\">Is Selected<\/span> "},"1":{"QuestionID":"QID140","QuestionIsInLoop":"yes","LoopAndMergeLoops":"current","LoopTarget":"none","ChoiceLocator":"q:\/\/QID140\/SelectedChoicesCount","Operator":"EqualTo","QuestionIDFromLocator":"QID140","LeftOperand":"q:\/\/QID140\/SelectedChoicesCount","RightOperand":"1","Type":"Expression","LogicType":"Question","Description":"<span class=\"ConjDesc\">And<\/span> <span class=\"QuestionDesc\">Which grasps do you think would work?<\/span> <span class=\"LeftOpDesc\">q:\/\/QID140\/SelectedChoicesCount<\/span> <span class=\"OpDesc\">Is Equal to<\/span> <span class=\"RightOpDesc\"> 1 <\/span>","Conjuction":"And"},"2":{"QuestionID":"QID140","QuestionIsInLoop":"yes","LoopAndMergeLoops":"current","LoopTarget":"none","ChoiceLocator":"q:\/\/QID140\/SelectableChoice\/1","Operator":"NotSelected","QuestionIDFromLocator":"QID140","LeftOperand":"q:\/\/QID140\/SelectableChoice\/1","Type":"Expression","LogicType":"Question","Description":"<span class=\"ConjDesc\">Or<\/span> <span class=\"QuestionDesc\">Which grasps do you think would work?<\/span> <span class=\"LeftOpDesc\">None<\/span> <span class=\"OpDesc\">Is Not Selected<\/span> ","Conjuction":"Or"},"3":{"QuestionID":"QID140","QuestionIsInLoop":"yes","LoopAndMergeLoops":"current","LoopTarget":"none","ChoiceLocator":"q:\/\/QID140\/SelectedChoicesCount","Operator":"GreaterThanOrEqual","QuestionIDFromLocator":"QID140","LeftOperand":"q:\/\/QID140\/SelectedChoicesCount","RightOperand":"1","Type":"Expression","LogicType":"Question","Description":"<span class=\"ConjDesc\">And<\/span> <span class=\"QuestionDesc\">Which grasps do you think would work?<\/span> <span class=\"LeftOpDesc\">q:\/\/QID140\/SelectedChoicesCount<\/span> <span class=\"OpDesc\">Is Greater Than or Equal to<\/span> <span class=\"RightOpDesc\"> 1 <\/span>","Conjuction":"And"},"Type":"If"},"Type":"BooleanExpression"},"Message":{"messageID":"MS_824RMS1TuONmaSV","subMessageID":"VE_ERROR","libraryID":"UR_dnAFgKKkrDH919r","description":"Error Text"}}}},"Language":[],"QuestionID":"QID140"}},{"SurveyID":"SV_9XfJeeZQwo31Szr","Element":"SQ","PrimaryAttribute":"QID142","SecondaryAttribute":"Which grasps do you think will be able to pick the object up, move it a small distance, and place...","TertiaryAttribute":null,"Payload":{"QuestionText":"<span style=\"font-size:16px;\"><span style=\"font-family:arial,helvetica,sans-serif;\">Which grasps do you think will be able to pick the object up, move it a small distance, and place it down on the surface?<\/span><\/span>","QuestionType":"MC","Selector":"MAVR","SubSelector":"TX","Configuration":{"QuestionDescriptionOption":"UseText"},"QuestionDescription":"Which grasps do you think will be able to pick the object up, move it a small distance, and place...","Choices":{"1":{"Display":"None"},"2":{"Display":"${lm:\/\/Field\/1}"},"3":{"Display":"${lm:\/\/Field\/2}"},"4":{"Display":"${lm:\/\/Field\/3}"},"5":{"Display":"${lm:\/\/Field\/4}"},"6":{"Display":"${lm:\/\/Field\/6}"},"7":{"Display":"${lm:\/\/Field\/7}"},"8":{"Display":"${lm:\/\/Field\/8}"},"9":{"Display":"${lm:\/\/Field\/9}"},"12":{"Display":"${lm:\/\/Field\/5}"}},"ChoiceOrder":["1","2","3","4","5","12","6","7","8","9"],"Validation":{"Settings":{"ForceResponse":"ON","ForceResponseType":"ON","Type":"CustomValidation","CustomValidation":{"Logic":{"0":{"0":{"QuestionID":"QID142","QuestionIsInLoop":"yes","LoopAndMergeLoops":"current","LoopTarget":"none","ChoiceLocator":"q:\/\/QID142\/SelectableChoice\/1","Operator":"Selected","QuestionIDFromLocator":"QID142","LeftOperand":"q:\/\/QID142\/SelectableChoice\/1","Type":"Expression","LogicType":"Question","Description":"<span class=\"ConjDesc\">If<\/span> <span class=\"QuestionDesc\">Which grasps do you think would work?<\/span> <span class=\"LeftOpDesc\">None<\/span> <span class=\"OpDesc\">Is Selected<\/span> "},"1":{"QuestionID":"QID142","QuestionIsInLoop":"yes","LoopAndMergeLoops":"current","LoopTarget":"none","ChoiceLocator":"q:\/\/QID142\/SelectedChoicesCount","Operator":"EqualTo","QuestionIDFromLocator":"QID142","LeftOperand":"q:\/\/QID142\/SelectedChoicesCount","RightOperand":"1","Type":"Expression","LogicType":"Question","Description":"<span class=\"ConjDesc\">And<\/span> <span class=\"QuestionDesc\">Which grasps do you think would work?<\/span> <span class=\"LeftOpDesc\">q:\/\/QID140\/SelectedChoicesCount<\/span> <span class=\"OpDesc\">Is Equal to<\/span> <span class=\"RightOpDesc\"> 1 <\/span>","Conjuction":"And"},"2":{"QuestionID":"QID142","QuestionIsInLoop":"yes","LoopAndMergeLoops":"current","LoopTarget":"none","ChoiceLocator":"q:\/\/QID142\/SelectableChoice\/1","Operator":"NotSelected","QuestionIDFromLocator":"QID142","LeftOperand":"q:\/\/QID142\/SelectableChoice\/1","Type":"Expression","LogicType":"Question","Description":"<span class=\"ConjDesc\">Or<\/span> <span class=\"QuestionDesc\">Which grasps do you think would work?<\/span> <span class=\"LeftOpDesc\">None<\/span> <span class=\"OpDesc\">Is Not Selected<\/span> ","Conjuction":"Or"},"3":{"QuestionID":"QID142","QuestionIsInLoop":"yes","LoopAndMergeLoops":"current","LoopTarget":"none","ChoiceLocator":"q:\/\/QID142\/SelectedChoicesCount","Operator":"GreaterThanOrEqual","QuestionIDFromLocator":"QID142","LeftOperand":"q:\/\/QID142\/SelectedChoicesCount","RightOperand":"1","Type":"Expression","LogicType":"Question","Description":"<span class=\"ConjDesc\">And<\/span> <span class=\"QuestionDesc\">Which grasps do you think would work?<\/span> <span class=\"LeftOpDesc\">q:\/\/QID140\/SelectedChoicesCount<\/span> <span class=\"OpDesc\">Is Greater Than or Equal to<\/span> <span class=\"RightOpDesc\"> 1 <\/span>","Conjuction":"And"},"Type":"If"},"Type":"BooleanExpression"},"Message":{"messageID":"MS_824RMS1TuONmaSV","subMessageID":"VE_ERROR","libraryID":"UR_dnAFgKKkrDH919r","description":"Error Text"}}}},"Language":[],"QuestionText_Unsafe":"Which grasps do you think would work?","DataExportTag":"Viable Cylinder h","QuestionID":"QID142"}},{"SurveyID":"SV_9XfJeeZQwo31Szr","Element":"SQ","PrimaryAttribute":"QID144","SecondaryAttribute":"Which grasps do you think will be able to pick the object up, move it a small distance, and place...","TertiaryAttribute":null,"Payload":{"QuestionText":"<span style=\"font-size:16px;\"><span style=\"font-family:arial,helvetica,sans-serif;\">Which grasps do you think will be able to pick the object up, move it a small distance, and place it down on the surface?<\/span><\/span>","QuestionType":"MC","Selector":"MAVR","SubSelector":"TX","Configuration":{"QuestionDescriptionOption":"UseText"},"QuestionDescription":"Which grasps do you think will be able to pick the object up, move it a small distance, and place...","Choices":{"1":{"Display":"None"},"2":{"Display":"${lm:\/\/Field\/1}"},"3":{"Display":"${lm:\/\/Field\/2}"},"4":{"Display":"${lm:\/\/Field\/3}"},"5":{"Display":"${lm:\/\/Field\/4}"},"6":{"Display":"${lm:\/\/Field\/6}"},"7":{"Display":"${lm:\/\/Field\/7}"},"8":{"Display":"${lm:\/\/Field\/8}"},"9":{"Display":"${lm:\/\/Field\/9}"},"11":{"Display":"${lm:\/\/Field\/10}"},"12":{"Display":"${lm:\/\/Field\/5}"}},"ChoiceOrder":["1","2","3","4","5","12","6","7","8","9","11"],"Validation":{"Settings":{"ForceResponse":"ON","ForceResponseType":"ON","Type":"CustomValidation","CustomValidation":{"Logic":{"0":{"0":{"QuestionID":"QID144","QuestionIsInLoop":"yes","LoopAndMergeLoops":"current","LoopTarget":"none","ChoiceLocator":"q:\/\/QID144\/SelectableChoice\/1","Operator":"Selected","QuestionIDFromLocator":"QID144","LeftOperand":"q:\/\/QID144\/SelectableChoice\/1","Type":"Expression","LogicType":"Question","Description":"<span class=\"ConjDesc\">If<\/span> <span class=\"QuestionDesc\">Which grasps do you think would work?<\/span> <span class=\"LeftOpDesc\">None<\/span> <span class=\"OpDesc\">Is Selected<\/span> "},"1":{"QuestionID":"QID144","QuestionIsInLoop":"yes","LoopAndMergeLoops":"current","LoopTarget":"none","ChoiceLocator":"q:\/\/QID144\/SelectedChoicesCount","Operator":"EqualTo","QuestionIDFromLocator":"QID144","LeftOperand":"q:\/\/QID144\/SelectedChoicesCount","RightOperand":"1","Type":"Expression","LogicType":"Question","Description":"<span class=\"ConjDesc\">And<\/span> <span class=\"QuestionDesc\">Which grasps do you think would work?<\/span> <span class=\"LeftOpDesc\">q:\/\/QID140\/SelectedChoicesCount<\/span> <span class=\"OpDesc\">Is Equal to<\/span> <span class=\"RightOpDesc\"> 1 <\/span>","Conjuction":"And"},"2":{"QuestionID":"QID144","QuestionIsInLoop":"yes","LoopAndMergeLoops":"current","LoopTarget":"none","ChoiceLocator":"q:\/\/QID144\/SelectableChoice\/1","Operator":"NotSelected","QuestionIDFromLocator":"QID144","LeftOperand":"q:\/\/QID144\/SelectableChoice\/1","Type":"Expression","LogicType":"Question","Description":"<span class=\"ConjDesc\">Or<\/span> <span class=\"QuestionDesc\">Which grasps do you think would work?<\/span> <span class=\"LeftOpDesc\">None<\/span> <span class=\"OpDesc\">Is Not Selected<\/span> ","Conjuction":"Or"},"3":{"QuestionID":"QID144","QuestionIsInLoop":"yes","LoopAndMergeLoops":"current","LoopTarget":"none","ChoiceLocator":"q:\/\/QID144\/SelectedChoicesCount","Operator":"GreaterThanOrEqual","QuestionIDFromLocator":"QID144","LeftOperand":"q:\/\/QID144\/SelectedChoicesCount","RightOperand":"1","Type":"Expression","LogicType":"Question","Description":"<span class=\"ConjDesc\">And<\/span> <span class=\"QuestionDesc\">Which grasps do you think would work?<\/span> <span class=\"LeftOpDesc\">q:\/\/QID140\/SelectedChoicesCount<\/span> <span class=\"OpDesc\">Is Greater Than or Equal to<\/span> <span class=\"RightOpDesc\"> 1 <\/span>","Conjuction":"And"},"Type":"If"},"Type":"BooleanExpression"},"Message":{"messageID":"MS_824RMS1TuONmaSV","subMessageID":"VE_ERROR","libraryID":"UR_dnAFgKKkrDH919r","description":"Error Text"}}}},"Language":[],"QuestionText_Unsafe":"Which grasps do you think would work?","DataExportTag":"Viable - Cyl w\/e","QuestionID":"QID144"}},{"SurveyID":"SV_9XfJeeZQwo31Szr","Element":"SQ","PrimaryAttribute":"QID146","SecondaryAttribute":"Which grasps do you think will be able to pick the object up, move it a small distance, and place...","TertiaryAttribute":null,"Payload":{"QuestionText":"<span style=\"font-family: arial, helvetica, sans-serif; font-size: 16px;\">Which grasps do you think will be able to pick the object up, move it a small distance, and place it down on the surface?<\/span>","QuestionType":"MC","Selector":"MAVR","SubSelector":"TX","Configuration":{"QuestionDescriptionOption":"UseText"},"QuestionDescription":"Which grasps do you think will be able to pick the object up, move it a small distance, and place...","Choices":{"1":{"Display":"None"},"2":{"Display":"${lm:\/\/Field\/1}"},"3":{"Display":"${lm:\/\/Field\/2}"},"4":{"Display":"${lm:\/\/Field\/3}"},"5":{"Display":"${lm:\/\/Field\/4}"},"6":{"Display":"${lm:\/\/Field\/6}"},"7":{"Display":"${lm:\/\/Field\/7}"},"8":{"Display":"${lm:\/\/Field\/8}"},"12":{"Display":"${lm:\/\/Field\/5}"}},"ChoiceOrder":["1","2","3","4","5","12","6","7","8"],"Validation":{"Settings":{"ForceResponse":"ON","ForceResponseType":"ON","Type":"CustomValidation","CustomValidation":{"Logic":{"0":{"0":{"QuestionID":"QID146","QuestionIsInLoop":"yes","LoopAndMergeLoops":"current","LoopTarget":"none","ChoiceLocator":"q:\/\/QID146\/SelectableChoice\/1","Operator":"Selected","QuestionIDFromLocator":"QID146","LeftOperand":"q:\/\/QID146\/SelectableChoice\/1","Type":"Expression","LogicType":"Question","Description":"<span class=\"ConjDesc\">If<\/span> <span class=\"QuestionDesc\">Which grasps do you think would work?<\/span> <span class=\"LeftOpDesc\">None<\/span> <span class=\"OpDesc\">Is Selected<\/span> "},"1":{"QuestionID":"QID146","QuestionIsInLoop":"yes","LoopAndMergeLoops":"current","LoopTarget":"none","ChoiceLocator":"q:\/\/QID146\/SelectedChoicesCount","Operator":"EqualTo","QuestionIDFromLocator":"QID146","LeftOperand":"q:\/\/QID146\/SelectedChoicesCount","RightOperand":"1","Type":"Expression","LogicType":"Question","Description":"<span class=\"ConjDesc\">And<\/span> <span class=\"QuestionDesc\">Which grasps do you think would work?<\/span> <span class=\"LeftOpDesc\">q:\/\/QID140\/SelectedChoicesCount<\/span> <span class=\"OpDesc\">Is Equal to<\/span> <span class=\"RightOpDesc\"> 1 <\/span>","Conjuction":"And"},"2":{"QuestionID":"QID146","QuestionIsInLoop":"yes","LoopAndMergeLoops":"current","LoopTarget":"none","ChoiceLocator":"q:\/\/QID146\/SelectableChoice\/1","Operator":"NotSelected","QuestionIDFromLocator":"QID146","LeftOperand":"q:\/\/QID146\/SelectableChoice\/1","Type":"Expression","LogicType":"Question","Description":"<span class=\"ConjDesc\">Or<\/span> <span class=\"QuestionDesc\">Which grasps do you think would work?<\/span> <span class=\"LeftOpDesc\">None<\/span> <span class=\"OpDesc\">Is Not Selected<\/span> ","Conjuction":"Or"},"3":{"QuestionID":"QID146","QuestionIsInLoop":"yes","LoopAndMergeLoops":"current","LoopTarget":"none","ChoiceLocator":"q:\/\/QID146\/SelectedChoicesCount","Operator":"GreaterThanOrEqual","QuestionIDFromLocator":"QID146","LeftOperand":"q:\/\/QID146\/SelectedChoicesCount","RightOperand":"1","Type":"Expression","LogicType":"Question","Description":"<span class=\"ConjDesc\">And<\/span> <span class=\"QuestionDesc\">Which grasps do you think would work?<\/span> <span class=\"LeftOpDesc\">q:\/\/QID140\/SelectedChoicesCount<\/span> <span class=\"OpDesc\">Is Greater Than or Equal to<\/span> <span class=\"RightOpDesc\"> 1 <\/span>","Conjuction":"And"},"Type":"If"},"Type":"BooleanExpression"},"Message":{"messageID":"MS_824RMS1TuONmaSV","subMessageID":"VE_ERROR","libraryID":"UR_dnAFgKKkrDH919r","description":"Error Text"}}}},"Language":[],"QuestionText_Unsafe":"Which grasps do you think would work?","DataExportTag":"Viable - Ellipse h","QuestionID":"QID146"}},{"SurveyID":"SV_9XfJeeZQwo31Szr","Element":"SQ","PrimaryAttribute":"QID148","SecondaryAttribute":"Which grasps do you think will be able to pick the object up, move it a small distance, and place...","TertiaryAttribute":null,"Payload":{"QuestionText":"<span style=\"font-family: arial, helvetica, sans-serif; font-size: 16px;\">Which grasps do you think will be able to pick the object up, move it a small distance, and place it down on the surface?<\/span>","QuestionType":"MC","Selector":"MAVR","SubSelector":"TX","Configuration":{"QuestionDescriptionOption":"UseText"},"QuestionDescription":"Which grasps do you think will be able to pick the object up, move it a small distance, and place...","Choices":{"1":{"Display":"None"},"2":{"Display":"${lm:\/\/Field\/1}"},"3":{"Display":"${lm:\/\/Field\/2}"},"4":{"Display":"${lm:\/\/Field\/3}"},"5":{"Display":"${lm:\/\/Field\/4}"},"6":{"Display":"${lm:\/\/Field\/6}"},"7":{"Display":"${lm:\/\/Field\/7}"},"8":{"Display":"${lm:\/\/Field\/8}"},"12":{"Display":"${lm:\/\/Field\/5}"}},"ChoiceOrder":["1","2","3","4","5","12","6","7","8"],"Validation":{"Settings":{"ForceResponse":"ON","ForceResponseType":"ON","Type":"CustomValidation","CustomValidation":{"Logic":{"0":{"0":{"QuestionID":"QID148","QuestionIsInLoop":"yes","LoopAndMergeLoops":"current","LoopTarget":"none","ChoiceLocator":"q:\/\/QID148\/SelectableChoice\/1","Operator":"Selected","QuestionIDFromLocator":"QID148","LeftOperand":"q:\/\/QID148\/SelectableChoice\/1","Type":"Expression","LogicType":"Question","Description":"<span class=\"ConjDesc\">If<\/span> <span class=\"QuestionDesc\">Which grasps do you think would work?<\/span> <span class=\"LeftOpDesc\">None<\/span> <span class=\"OpDesc\">Is Selected<\/span> "},"1":{"QuestionID":"QID148","QuestionIsInLoop":"yes","LoopAndMergeLoops":"current","LoopTarget":"none","ChoiceLocator":"q:\/\/QID148\/SelectedChoicesCount","Operator":"EqualTo","QuestionIDFromLocator":"QID148","LeftOperand":"q:\/\/QID148\/SelectedChoicesCount","RightOperand":"1","Type":"Expression","LogicType":"Question","Description":"<span class=\"ConjDesc\">And<\/span> <span class=\"QuestionDesc\">Which grasps do you think would work?<\/span> <span class=\"LeftOpDesc\">q:\/\/QID140\/SelectedChoicesCount<\/span> <span class=\"OpDesc\">Is Equal to<\/span> <span class=\"RightOpDesc\"> 1 <\/span>","Conjuction":"And"},"2":{"QuestionID":"QID148","QuestionIsInLoop":"yes","LoopAndMergeLoops":"current","LoopTarget":"none","ChoiceLocator":"q:\/\/QID148\/SelectableChoice\/1","Operator":"NotSelected","QuestionIDFromLocator":"QID148","LeftOperand":"q:\/\/QID148\/SelectableChoice\/1","Type":"Expression","LogicType":"Question","Description":"<span class=\"ConjDesc\">Or<\/span> <span class=\"QuestionDesc\">Which grasps do you think would work?<\/span> <span class=\"LeftOpDesc\">None<\/span> <span class=\"OpDesc\">Is Not Selected<\/span> ","Conjuction":"Or"},"3":{"QuestionID":"QID148","QuestionIsInLoop":"yes","LoopAndMergeLoops":"current","LoopTarget":"none","ChoiceLocator":"q:\/\/QID148\/SelectedChoicesCount","Operator":"GreaterThanOrEqual","QuestionIDFromLocator":"QID148","LeftOperand":"q:\/\/QID148\/SelectedChoicesCount","RightOperand":"1","Type":"Expression","LogicType":"Question","Description":"<span class=\"ConjDesc\">And<\/span> <span class=\"QuestionDesc\">Which grasps do you think would work?<\/span> <span class=\"LeftOpDesc\">q:\/\/QID140\/SelectedChoicesCount<\/span> <span class=\"OpDesc\">Is Greater Than or Equal to<\/span> <span class=\"RightOpDesc\"> 1 <\/span>","Conjuction":"And"},"Type":"If"},"Type":"BooleanExpression"},"Message":{"messageID":"MS_824RMS1TuONmaSV","subMessageID":"VE_ERROR","libraryID":"UR_dnAFgKKkrDH919r","description":"Error Text"}}}},"Language":[],"QuestionText_Unsafe":"Which grasps do you think would work?","DataExportTag":"Viable - Cone h","QuestionID":"QID148"}},{"SurveyID":"SV_9XfJeeZQwo31Szr","Element":"SQ","PrimaryAttribute":"QID150","SecondaryAttribute":"Which grasps do you think will be able to pick the object up, move it a small distance, and place...","TertiaryAttribute":null,"Payload":{"QuestionText":"<span style=\"font-family: arial, helvetica, sans-serif; font-size: 16px;\">Which grasps do you think will be able to pick the object up, move it a small distance, and place it down on the surface?<\/span>","QuestionType":"MC","Selector":"MAVR","SubSelector":"TX","Configuration":{"QuestionDescriptionOption":"UseText"},"QuestionDescription":"Which grasps do you think will be able to pick the object up, move it a small distance, and place...","Choices":{"1":{"Display":"None"},"2":{"Display":"${lm:\/\/Field\/1}"},"3":{"Display":"${lm:\/\/Field\/2}"},"4":{"Display":"${lm:\/\/Field\/3}"},"5":{"Display":"${lm:\/\/Field\/4}"},"6":{"Display":"${lm:\/\/Field\/6}"},"7":{"Display":"${lm:\/\/Field\/7}"},"12":{"Display":"${lm:\/\/Field\/5}"}},"ChoiceOrder":["1","2","3","4","5","12","6","7"],"Validation":{"Settings":{"ForceResponse":"ON","ForceResponseType":"ON","Type":"CustomValidation","CustomValidation":{"Logic":{"0":{"0":{"QuestionID":"QID150","QuestionIsInLoop":"yes","LoopAndMergeLoops":"current","LoopTarget":"none","ChoiceLocator":"q:\/\/QID150\/SelectableChoice\/1","Operator":"Selected","QuestionIDFromLocator":"QID150","LeftOperand":"q:\/\/QID150\/SelectableChoice\/1","Type":"Expression","LogicType":"Question","Description":"<span class=\"ConjDesc\">If<\/span> <span class=\"QuestionDesc\">Which grasps do you think would work?<\/span> <span class=\"LeftOpDesc\">None<\/span> <span class=\"OpDesc\">Is Selected<\/span> "},"1":{"QuestionID":"QID150","QuestionIsInLoop":"yes","LoopAndMergeLoops":"current","LoopTarget":"none","ChoiceLocator":"q:\/\/QID150\/SelectedChoicesCount","Operator":"EqualTo","QuestionIDFromLocator":"QID150","LeftOperand":"q:\/\/QID150\/SelectedChoicesCount","RightOperand":"1","Type":"Expression","LogicType":"Question","Description":"<span class=\"ConjDesc\">And<\/span> <span class=\"QuestionDesc\">Which grasps do you think would work?<\/span> <span class=\"LeftOpDesc\">q:\/\/QID140\/SelectedChoicesCount<\/span> <span class=\"OpDesc\">Is Equal to<\/span> <span class=\"RightOpDesc\"> 1 <\/span>","Conjuction":"And"},"2":{"QuestionID":"QID150","QuestionIsInLoop":"yes","LoopAndMergeLoops":"current","LoopTarget":"none","ChoiceLocator":"q:\/\/QID150\/SelectableChoice\/1","Operator":"NotSelected","QuestionIDFromLocator":"QID150","LeftOperand":"q:\/\/QID150\/SelectableChoice\/1","Type":"Expression","LogicType":"Question","Description":"<span class=\"ConjDesc\">Or<\/span> <span class=\"QuestionDesc\">Which grasps do you think would work?<\/span> <span class=\"LeftOpDesc\">None<\/span> <span class=\"OpDesc\">Is Not Selected<\/span> ","Conjuction":"Or"},"3":{"QuestionID":"QID150","QuestionIsInLoop":"yes","LoopAndMergeLoops":"current","LoopTarget":"none","ChoiceLocator":"q:\/\/QID150\/SelectedChoicesCount","Operator":"GreaterThanOrEqual","QuestionIDFromLocator":"QID150","LeftOperand":"q:\/\/QID150\/SelectedChoicesCount","RightOperand":"1","Type":"Expression","LogicType":"Question","Description":"<span class=\"ConjDesc\">And<\/span> <span class=\"QuestionDesc\">Which grasps do you think would work?<\/span> <span class=\"LeftOpDesc\">q:\/\/QID140\/SelectedChoicesCount<\/span> <span class=\"OpDesc\">Is Greater Than or Equal to<\/span> <span class=\"RightOpDesc\"> 1 <\/span>","Conjuction":"And"},"Type":"If"},"Type":"BooleanExpression"},"Message":{"messageID":"MS_824RMS1TuONmaSV","subMessageID":"VE_ERROR","libraryID":"UR_dnAFgKKkrDH919r","description":"Error Text"}}}},"Language":[],"QuestionText_Unsafe":"Which grasps do you think would work?","DataExportTag":"Viable - Cone w\/e","QuestionID":"QID150"}}]}